// !$*UTF8*$!
{
	archiveVersion = 1;
	classes = {
	};
	objectVersion = 46;
	objects = {

/* Begin PBXBuildFile section */
		38149A671F749D3C004A8938 /* CircleLayer.m in Sources */ = {isa = PBXBuildFile; fileRef = 38149A661F749D3C004A8938 /* CircleLayer.m */; };
		38149A6A1F749EF5004A8938 /* OppoVC.m in Sources */ = {isa = PBXBuildFile; fileRef = 38149A691F749EF5004A8938 /* OppoVC.m */; };
		38250EE71F74DC3C008B86A2 /* ShapeLayer_BezierParh.m in Sources */ = {isa = PBXBuildFile; fileRef = 38250EE61F74DC3C008B86A2 /* ShapeLayer_BezierParh.m */; };
		382EA7051F7367470052BE27 /* main.m in Sources */ = {isa = PBXBuildFile; fileRef = 382EA7041F7367470052BE27 /* main.m */; };
		382EA7081F7367470052BE27 /* AppDelegate.m in Sources */ = {isa = PBXBuildFile; fileRef = 382EA7071F7367470052BE27 /* AppDelegate.m */; };
		382EA70B1F7367470052BE27 /* ViewController.m in Sources */ = {isa = PBXBuildFile; fileRef = 382EA70A1F7367470052BE27 /* ViewController.m */; };
		382EA70E1F7367470052BE27 /* Main.storyboard in Resources */ = {isa = PBXBuildFile; fileRef = 382EA70C1F7367470052BE27 /* Main.storyboard */; };
		382EA7101F7367470052BE27 /* Assets.xcassets in Resources */ = {isa = PBXBuildFile; fileRef = 382EA70F1F7367470052BE27 /* Assets.xcassets */; };
		382EA7131F7367470052BE27 /* LaunchScreen.storyboard in Resources */ = {isa = PBXBuildFile; fileRef = 382EA7111F7367470052BE27 /* LaunchScreen.storyboard */; };
		382EA71E1F7367470052BE27 /* BZCustomViewTests.m in Sources */ = {isa = PBXBuildFile; fileRef = 382EA71D1F7367470052BE27 /* BZCustomViewTests.m */; };
		382EA7291F7367470052BE27 /* BZCustomViewUITests.m in Sources */ = {isa = PBXBuildFile; fileRef = 382EA7281F7367470052BE27 /* BZCustomViewUITests.m */; };
		382EA7391F7369C50052BE27 /* TestDrawRect.m in Sources */ = {isa = PBXBuildFile; fileRef = 382EA7381F7369C50052BE27 /* TestDrawRect.m */; };
		382EA73C1F7394430052BE27 /* LayerDraw.m in Sources */ = {isa = PBXBuildFile; fileRef = 382EA73B1F7394430052BE27 /* LayerDraw.m */; };
		382EA7401F73AA390052BE27 /* LayerLoadingAnim.m in Sources */ = {isa = PBXBuildFile; fileRef = 382EA73F1F73AA390052BE27 /* LayerLoadingAnim.m */; };
		387F80931F8DA47200C0DB10 /* MoveLabelVC.m in Sources */ = {isa = PBXBuildFile; fileRef = 387F80921F8DA47200C0DB10 /* MoveLabelVC.m */; };
		389963411F8CC8810044C2D4 /* PointMoveByCircleVC.m in Sources */ = {isa = PBXBuildFile; fileRef = 389963401F8CC8810044C2D4 /* PointMoveByCircleVC.m */; };
		389963451F8CC9E80044C2D4 /* PointMoveByCircleLayer.m in Sources */ = {isa = PBXBuildFile; fileRef = 389963441F8CC9E80044C2D4 /* PointMoveByCircleLayer.m */; };
		6B037DD520D2072000D03148 /* DrawUtils.m in Sources */ = {isa = PBXBuildFile; fileRef = 6B037DD420D2072000D03148 /* DrawUtils.m */; };
		6B07D51D20C8C13800BBB85B /* HWVC.m in Sources */ = {isa = PBXBuildFile; fileRef = 6B07D51C20C8C13800BBB85B /* HWVC.m */; };
		6B07D52020C8C15B00BBB85B /* HWCircleProgressView.m in Sources */ = {isa = PBXBuildFile; fileRef = 6B07D51F20C8C15B00BBB85B /* HWCircleProgressView.m */; };
		6B0BE9A120D10A1E00640AE9 /* SeekBarVC.m in Sources */ = {isa = PBXBuildFile; fileRef = 6B0BE9A020D10A1E00640AE9 /* SeekBarVC.m */; };
		6B0BE9A420D10BCF00640AE9 /* SeekBarView.m in Sources */ = {isa = PBXBuildFile; fileRef = 6B0BE9A320D10BCF00640AE9 /* SeekBarView.m */; };
		6B121FA12440A04700BD804F /* ArcVC.m in Sources */ = {isa = PBXBuildFile; fileRef = 6B121FA02440A04700BD804F /* ArcVC.m */; };
		6B121FA42440A1F800BD804F /* ArcLoadView.m in Sources */ = {isa = PBXBuildFile; fileRef = 6B121FA32440A1F800BD804F /* ArcLoadView.m */; };
		6B3E5BD520C7DB15002CB0D9 /* Default-568h@2x.png in Resources */ = {isa = PBXBuildFile; fileRef = 6B3E5BD420C7DB15002CB0D9 /* Default-568h@2x.png */; };
/* End PBXBuildFile section */

/* Begin PBXContainerItemProxy section */
		382EA71A1F7367470052BE27 /* PBXContainerItemProxy */ = {
			isa = PBXContainerItemProxy;
			containerPortal = 382EA6F81F7367470052BE27 /* Project object */;
			proxyType = 1;
			remoteGlobalIDString = 382EA6FF1F7367470052BE27;
			remoteInfo = BZCustomView;
		};
		382EA7251F7367470052BE27 /* PBXContainerItemProxy */ = {
			isa = PBXContainerItemProxy;
			containerPortal = 382EA6F81F7367470052BE27 /* Project object */;
			proxyType = 1;
			remoteGlobalIDString = 382EA6FF1F7367470052BE27;
			remoteInfo = BZCustomView;
		};
/* End PBXContainerItemProxy section */

/* Begin PBXFileReference section */
		38149A651F749D3C004A8938 /* CircleLayer.h */ = {isa = PBXFileReference; fileEncoding = 4; lastKnownFileType = sourcecode.c.h; name = CircleLayer.h; path = layer/CircleLayer.h; sourceTree = "<group>"; };
		38149A661F749D3C004A8938 /* CircleLayer.m */ = {isa = PBXFileReference; fileEncoding = 4; lastKnownFileType = sourcecode.c.objc; name = CircleLayer.m; path = layer/CircleLayer.m; sourceTree = "<group>"; };
		38149A681F749EF5004A8938 /* OppoVC.h */ = {isa = PBXFileReference; fileEncoding = 4; lastKnownFileType = sourcecode.c.h; path = OppoVC.h; sourceTree = "<group>"; };
		38149A691F749EF5004A8938 /* OppoVC.m */ = {isa = PBXFileReference; fileEncoding = 4; lastKnownFileType = sourcecode.c.objc; path = OppoVC.m; sourceTree = "<group>"; };
		38250EE51F74DC3C008B86A2 /* ShapeLayer_BezierParh.h */ = {isa = PBXFileReference; fileEncoding = 4; lastKnownFileType = sourcecode.c.h; name = ShapeLayer_BezierParh.h; path = BezierPath_View/ShapeLayer_BezierParh.h; sourceTree = "<group>"; };
		38250EE61F74DC3C008B86A2 /* ShapeLayer_BezierParh.m */ = {isa = PBXFileReference; fileEncoding = 4; lastKnownFileType = sourcecode.c.objc; name = ShapeLayer_BezierParh.m; path = BezierPath_View/ShapeLayer_BezierParh.m; sourceTree = "<group>"; };
		382EA7001F7367470052BE27 /* BZCustomView.app */ = {isa = PBXFileReference; explicitFileType = wrapper.application; includeInIndex = 0; path = BZCustomView.app; sourceTree = BUILT_PRODUCTS_DIR; };
		382EA7041F7367470052BE27 /* main.m */ = {isa = PBXFileReference; lastKnownFileType = sourcecode.c.objc; path = main.m; sourceTree = "<group>"; };
		382EA7061F7367470052BE27 /* AppDelegate.h */ = {isa = PBXFileReference; lastKnownFileType = sourcecode.c.h; path = AppDelegate.h; sourceTree = "<group>"; };
		382EA7071F7367470052BE27 /* AppDelegate.m */ = {isa = PBXFileReference; lastKnownFileType = sourcecode.c.objc; path = AppDelegate.m; sourceTree = "<group>"; };
		382EA7091F7367470052BE27 /* ViewController.h */ = {isa = PBXFileReference; lastKnownFileType = sourcecode.c.h; path = ViewController.h; sourceTree = "<group>"; };
		382EA70A1F7367470052BE27 /* ViewController.m */ = {isa = PBXFileReference; lastKnownFileType = sourcecode.c.objc; path = ViewController.m; sourceTree = "<group>"; };
		382EA70D1F7367470052BE27 /* Base */ = {isa = PBXFileReference; lastKnownFileType = file.storyboard; name = Base; path = Base.lproj/Main.storyboard; sourceTree = "<group>"; };
		382EA70F1F7367470052BE27 /* Assets.xcassets */ = {isa = PBXFileReference; lastKnownFileType = folder.assetcatalog; path = Assets.xcassets; sourceTree = "<group>"; };
		382EA7121F7367470052BE27 /* Base */ = {isa = PBXFileReference; lastKnownFileType = file.storyboard; name = Base; path = Base.lproj/LaunchScreen.storyboard; sourceTree = "<group>"; };
		382EA7141F7367470052BE27 /* Info.plist */ = {isa = PBXFileReference; lastKnownFileType = text.plist.xml; path = Info.plist; sourceTree = "<group>"; };
		382EA7191F7367470052BE27 /* BZCustomViewTests.xctest */ = {isa = PBXFileReference; explicitFileType = wrapper.cfbundle; includeInIndex = 0; path = BZCustomViewTests.xctest; sourceTree = BUILT_PRODUCTS_DIR; };
		382EA71D1F7367470052BE27 /* BZCustomViewTests.m */ = {isa = PBXFileReference; lastKnownFileType = sourcecode.c.objc; path = BZCustomViewTests.m; sourceTree = "<group>"; };
		382EA71F1F7367470052BE27 /* Info.plist */ = {isa = PBXFileReference; lastKnownFileType = text.plist.xml; path = Info.plist; sourceTree = "<group>"; };
		382EA7241F7367470052BE27 /* BZCustomViewUITests.xctest */ = {isa = PBXFileReference; explicitFileType = wrapper.cfbundle; includeInIndex = 0; path = BZCustomViewUITests.xctest; sourceTree = BUILT_PRODUCTS_DIR; };
		382EA7281F7367470052BE27 /* BZCustomViewUITests.m */ = {isa = PBXFileReference; lastKnownFileType = sourcecode.c.objc; path = BZCustomViewUITests.m; sourceTree = "<group>"; };
		382EA72A1F7367470052BE27 /* Info.plist */ = {isa = PBXFileReference; lastKnownFileType = text.plist.xml; path = Info.plist; sourceTree = "<group>"; };
		382EA7371F7369C50052BE27 /* TestDrawRect.h */ = {isa = PBXFileReference; fileEncoding = 4; lastKnownFileType = sourcecode.c.h; name = TestDrawRect.h; path = view/TestDrawRect.h; sourceTree = "<group>"; };
		382EA7381F7369C50052BE27 /* TestDrawRect.m */ = {isa = PBXFileReference; fileEncoding = 4; lastKnownFileType = sourcecode.c.objc; name = TestDrawRect.m; path = view/TestDrawRect.m; sourceTree = "<group>"; };
		382EA73A1F7394430052BE27 /* LayerDraw.h */ = {isa = PBXFileReference; fileEncoding = 4; lastKnownFileType = sourcecode.c.h; name = LayerDraw.h; path = view/LayerDraw.h; sourceTree = "<group>"; };
		382EA73B1F7394430052BE27 /* LayerDraw.m */ = {isa = PBXFileReference; fileEncoding = 4; lastKnownFileType = sourcecode.c.objc; name = LayerDraw.m; path = view/LayerDraw.m; sourceTree = "<group>"; };
		382EA73E1F73AA390052BE27 /* LayerLoadingAnim.h */ = {isa = PBXFileReference; fileEncoding = 4; lastKnownFileType = sourcecode.c.h; name = LayerLoadingAnim.h; path = layer/LayerLoadingAnim.h; sourceTree = "<group>"; };
		382EA73F1F73AA390052BE27 /* LayerLoadingAnim.m */ = {isa = PBXFileReference; fileEncoding = 4; lastKnownFileType = sourcecode.c.objc; name = LayerLoadingAnim.m; path = layer/LayerLoadingAnim.m; sourceTree = "<group>"; };
		387F80911F8DA47200C0DB10 /* MoveLabelVC.h */ = {isa = PBXFileReference; fileEncoding = 4; lastKnownFileType = sourcecode.c.h; name = MoveLabelVC.h; path = movelabel/MoveLabelVC.h; sourceTree = "<group>"; };
		387F80921F8DA47200C0DB10 /* MoveLabelVC.m */ = {isa = PBXFileReference; fileEncoding = 4; lastKnownFileType = sourcecode.c.objc; name = MoveLabelVC.m; path = movelabel/MoveLabelVC.m; sourceTree = "<group>"; };
		3899633F1F8CC8810044C2D4 /* PointMoveByCircleVC.h */ = {isa = PBXFileReference; fileEncoding = 4; lastKnownFileType = sourcecode.c.h; path = PointMoveByCircleVC.h; sourceTree = "<group>"; };
		389963401F8CC8810044C2D4 /* PointMoveByCircleVC.m */ = {isa = PBXFileReference; fileEncoding = 4; lastKnownFileType = sourcecode.c.objc; path = PointMoveByCircleVC.m; sourceTree = "<group>"; };
		389963431F8CC9E80044C2D4 /* PointMoveByCircleLayer.h */ = {isa = PBXFileReference; fileEncoding = 4; lastKnownFileType = sourcecode.c.h; name = PointMoveByCircleLayer.h; path = pointCircle/PointMoveByCircleLayer.h; sourceTree = "<group>"; };
		389963441F8CC9E80044C2D4 /* PointMoveByCircleLayer.m */ = {isa = PBXFileReference; fileEncoding = 4; lastKnownFileType = sourcecode.c.objc; name = PointMoveByCircleLayer.m; path = pointCircle/PointMoveByCircleLayer.m; sourceTree = "<group>"; };
		6B037DD320D2072000D03148 /* DrawUtils.h */ = {isa = PBXFileReference; lastKnownFileType = sourcecode.c.h; path = DrawUtils.h; sourceTree = "<group>"; };
		6B037DD420D2072000D03148 /* DrawUtils.m */ = {isa = PBXFileReference; lastKnownFileType = sourcecode.c.objc; path = DrawUtils.m; sourceTree = "<group>"; };
		6B07D51B20C8C13800BBB85B /* HWVC.h */ = {isa = PBXFileReference; lastKnownFileType = sourcecode.c.h; path = HWVC.h; sourceTree = "<group>"; };
		6B07D51C20C8C13800BBB85B /* HWVC.m */ = {isa = PBXFileReference; lastKnownFileType = sourcecode.c.objc; path = HWVC.m; sourceTree = "<group>"; };
		6B07D51E20C8C15B00BBB85B /* HWCircleProgressView.h */ = {isa = PBXFileReference; lastKnownFileType = sourcecode.c.h; path = HWCircleProgressView.h; sourceTree = "<group>"; };
		6B07D51F20C8C15B00BBB85B /* HWCircleProgressView.m */ = {isa = PBXFileReference; lastKnownFileType = sourcecode.c.objc; path = HWCircleProgressView.m; sourceTree = "<group>"; };
		6B0BE99F20D10A1E00640AE9 /* SeekBarVC.h */ = {isa = PBXFileReference; lastKnownFileType = sourcecode.c.h; path = SeekBarVC.h; sourceTree = "<group>"; };
		6B0BE9A020D10A1E00640AE9 /* SeekBarVC.m */ = {isa = PBXFileReference; lastKnownFileType = sourcecode.c.objc; path = SeekBarVC.m; sourceTree = "<group>"; };
		6B0BE9A220D10BCF00640AE9 /* SeekBarView.h */ = {isa = PBXFileReference; lastKnownFileType = sourcecode.c.h; path = SeekBarView.h; sourceTree = "<group>"; };
		6B0BE9A320D10BCF00640AE9 /* SeekBarView.m */ = {isa = PBXFileReference; lastKnownFileType = sourcecode.c.objc; path = SeekBarView.m; sourceTree = "<group>"; };
		6B121F9F2440A04700BD804F /* ArcVC.h */ = {isa = PBXFileReference; lastKnownFileType = sourcecode.c.h; name = ArcVC.h; path = ArcLoadView/ArcVC.h; sourceTree = "<group>"; };
		6B121FA02440A04700BD804F /* ArcVC.m */ = {isa = PBXFileReference; lastKnownFileType = sourcecode.c.objc; name = ArcVC.m; path = ArcLoadView/ArcVC.m; sourceTree = "<group>"; };
		6B121FA22440A1F800BD804F /* ArcLoadView.h */ = {isa = PBXFileReference; lastKnownFileType = sourcecode.c.h; name = ArcLoadView.h; path = ArcLoadView/ArcLoadView.h; sourceTree = "<group>"; };
		6B121FA32440A1F800BD804F /* ArcLoadView.m */ = {isa = PBXFileReference; lastKnownFileType = sourcecode.c.objc; name = ArcLoadView.m; path = ArcLoadView/ArcLoadView.m; sourceTree = "<group>"; };
		6B3E5BD420C7DB15002CB0D9 /* Default-568h@2x.png */ = {isa = PBXFileReference; lastKnownFileType = image.png; path = "Default-568h@2x.png"; sourceTree = "<group>"; };
/* End PBXFileReference section */

/* Begin PBXFrameworksBuildPhase section */
		382EA6FD1F7367470052BE27 /* Frameworks */ = {
			isa = PBXFrameworksBuildPhase;
			buildActionMask = 2147483647;
			files = (
			);
			runOnlyForDeploymentPostprocessing = 0;
		};
		382EA7161F7367470052BE27 /* Frameworks */ = {
			isa = PBXFrameworksBuildPhase;
			buildActionMask = 2147483647;
			files = (
			);
			runOnlyForDeploymentPostprocessing = 0;
		};
		382EA7211F7367470052BE27 /* Frameworks */ = {
			isa = PBXFrameworksBuildPhase;
			buildActionMask = 2147483647;
			files = (
			);
			runOnlyForDeploymentPostprocessing = 0;
		};
/* End PBXFrameworksBuildPhase section */

/* Begin PBXGroup section */
		38250EE41F74DBEF008B86A2 /* BezierPath_View */ = {
			isa = PBXGroup;
			children = (
				38250EE51F74DC3C008B86A2 /* ShapeLayer_BezierParh.h */,
				38250EE61F74DC3C008B86A2 /* ShapeLayer_BezierParh.m */,
			);
			name = BezierPath_View;
			sourceTree = "<group>";
		};
		382EA6F71F7367470052BE27 = {
			isa = PBXGroup;
			children = (
				6B3E5BD420C7DB15002CB0D9 /* Default-568h@2x.png */,
				382EA7021F7367470052BE27 /* BZCustomView */,
				382EA71C1F7367470052BE27 /* BZCustomViewTests */,
				382EA7271F7367470052BE27 /* BZCustomViewUITests */,
				382EA7011F7367470052BE27 /* Products */,
			);
			sourceTree = "<group>";
		};
		382EA7011F7367470052BE27 /* Products */ = {
			isa = PBXGroup;
			children = (
				382EA7001F7367470052BE27 /* BZCustomView.app */,
				382EA7191F7367470052BE27 /* BZCustomViewTests.xctest */,
				382EA7241F7367470052BE27 /* BZCustomViewUITests.xctest */,
			);
			name = Products;
			sourceTree = "<group>";
		};
		382EA7021F7367470052BE27 /* BZCustomView */ = {
			isa = PBXGroup;
			children = (
				6B121F9E2440A00F00BD804F /* ArcLoadView */,
				6B037DD620D2072900D03148 /* utils */,
				6B0BE99E20D109CC00640AE9 /* seekBar */,
				6B07D51A20C8C11500BBB85B /* hwprogress */,
				387F80901F8DA43A00C0DB10 /* movelabel */,
				389963421F8CC94D0044C2D4 /* pointCircle */,
				38250EE41F74DBEF008B86A2 /* BezierPath_View */,
				382EA73D1F73AA150052BE27 /* layer */,
				382EA7361F7367500052BE27 /* view */,
				382EA7061F7367470052BE27 /* AppDelegate.h */,
				382EA7071F7367470052BE27 /* AppDelegate.m */,
				382EA7091F7367470052BE27 /* ViewController.h */,
				382EA70A1F7367470052BE27 /* ViewController.m */,
				382EA70C1F7367470052BE27 /* Main.storyboard */,
				382EA70F1F7367470052BE27 /* Assets.xcassets */,
				382EA7111F7367470052BE27 /* LaunchScreen.storyboard */,
				382EA7141F7367470052BE27 /* Info.plist */,
				382EA7031F7367470052BE27 /* Supporting Files */,
				38149A681F749EF5004A8938 /* OppoVC.h */,
				38149A691F749EF5004A8938 /* OppoVC.m */,
			);
			path = BZCustomView;
			sourceTree = "<group>";
		};
		382EA7031F7367470052BE27 /* Supporting Files */ = {
			isa = PBXGroup;
			children = (
				382EA7041F7367470052BE27 /* main.m */,
			);
			name = "Supporting Files";
			sourceTree = "<group>";
		};
		382EA71C1F7367470052BE27 /* BZCustomViewTests */ = {
			isa = PBXGroup;
			children = (
				382EA71D1F7367470052BE27 /* BZCustomViewTests.m */,
				382EA71F1F7367470052BE27 /* Info.plist */,
			);
			path = BZCustomViewTests;
			sourceTree = "<group>";
		};
		382EA7271F7367470052BE27 /* BZCustomViewUITests */ = {
			isa = PBXGroup;
			children = (
				382EA7281F7367470052BE27 /* BZCustomViewUITests.m */,
				382EA72A1F7367470052BE27 /* Info.plist */,
			);
			path = BZCustomViewUITests;
			sourceTree = "<group>";
		};
		382EA7361F7367500052BE27 /* view */ = {
			isa = PBXGroup;
			children = (
				382EA7371F7369C50052BE27 /* TestDrawRect.h */,
				382EA7381F7369C50052BE27 /* TestDrawRect.m */,
				382EA73A1F7394430052BE27 /* LayerDraw.h */,
				382EA73B1F7394430052BE27 /* LayerDraw.m */,
			);
			name = view;
			sourceTree = "<group>";
		};
		382EA73D1F73AA150052BE27 /* layer */ = {
			isa = PBXGroup;
			children = (
				382EA73E1F73AA390052BE27 /* LayerLoadingAnim.h */,
				382EA73F1F73AA390052BE27 /* LayerLoadingAnim.m */,
				38149A651F749D3C004A8938 /* CircleLayer.h */,
				38149A661F749D3C004A8938 /* CircleLayer.m */,
			);
			name = layer;
			sourceTree = "<group>";
		};
		387F80901F8DA43A00C0DB10 /* movelabel */ = {
			isa = PBXGroup;
			children = (
				387F80911F8DA47200C0DB10 /* MoveLabelVC.h */,
				387F80921F8DA47200C0DB10 /* MoveLabelVC.m */,
			);
			name = movelabel;
			sourceTree = "<group>";
		};
		389963421F8CC94D0044C2D4 /* pointCircle */ = {
			isa = PBXGroup;
			children = (
				3899633F1F8CC8810044C2D4 /* PointMoveByCircleVC.h */,
				389963401F8CC8810044C2D4 /* PointMoveByCircleVC.m */,
				389963431F8CC9E80044C2D4 /* PointMoveByCircleLayer.h */,
				389963441F8CC9E80044C2D4 /* PointMoveByCircleLayer.m */,
			);
			name = pointCircle;
			sourceTree = "<group>";
		};
		6B037DD620D2072900D03148 /* utils */ = {
			isa = PBXGroup;
			children = (
				6B037DD320D2072000D03148 /* DrawUtils.h */,
				6B037DD420D2072000D03148 /* DrawUtils.m */,
			);
			path = utils;
			sourceTree = "<group>";
		};
		6B07D51A20C8C11500BBB85B /* hwprogress */ = {
			isa = PBXGroup;
			children = (
				6B07D51B20C8C13800BBB85B /* HWVC.h */,
				6B07D51C20C8C13800BBB85B /* HWVC.m */,
				6B07D51E20C8C15B00BBB85B /* HWCircleProgressView.h */,
				6B07D51F20C8C15B00BBB85B /* HWCircleProgressView.m */,
			);
			name = hwprogress;
			sourceTree = "<group>";
		};
		6B0BE99E20D109CC00640AE9 /* seekBar */ = {
			isa = PBXGroup;
			children = (
				6B0BE99F20D10A1E00640AE9 /* SeekBarVC.h */,
				6B0BE9A020D10A1E00640AE9 /* SeekBarVC.m */,
				6B0BE9A220D10BCF00640AE9 /* SeekBarView.h */,
				6B0BE9A320D10BCF00640AE9 /* SeekBarView.m */,
			);
			path = seekBar;
			sourceTree = "<group>";
		};
		6B121F9E2440A00F00BD804F /* ArcLoadView */ = {
			isa = PBXGroup;
			children = (
				6B121F9F2440A04700BD804F /* ArcVC.h */,
				6B121FA02440A04700BD804F /* ArcVC.m */,
				6B121FA22440A1F800BD804F /* ArcLoadView.h */,
				6B121FA32440A1F800BD804F /* ArcLoadView.m */,
			);
			name = ArcLoadView;
			sourceTree = "<group>";
		};
/* End PBXGroup section */

/* Begin PBXNativeTarget section */
		382EA6FF1F7367470052BE27 /* BZCustomView */ = {
			isa = PBXNativeTarget;
			buildConfigurationList = 382EA72D1F7367470052BE27 /* Build configuration list for PBXNativeTarget "BZCustomView" */;
			buildPhases = (
				382EA6FC1F7367470052BE27 /* Sources */,
				382EA6FD1F7367470052BE27 /* Frameworks */,
				382EA6FE1F7367470052BE27 /* Resources */,
			);
			buildRules = (
			);
			dependencies = (
			);
			name = BZCustomView;
			productName = BZCustomView;
			productReference = 382EA7001F7367470052BE27 /* BZCustomView.app */;
			productType = "com.apple.product-type.application";
		};
		382EA7181F7367470052BE27 /* BZCustomViewTests */ = {
			isa = PBXNativeTarget;
			buildConfigurationList = 382EA7301F7367470052BE27 /* Build configuration list for PBXNativeTarget "BZCustomViewTests" */;
			buildPhases = (
				382EA7151F7367470052BE27 /* Sources */,
				382EA7161F7367470052BE27 /* Frameworks */,
				382EA7171F7367470052BE27 /* Resources */,
			);
			buildRules = (
			);
			dependencies = (
				382EA71B1F7367470052BE27 /* PBXTargetDependency */,
			);
			name = BZCustomViewTests;
			productName = BZCustomViewTests;
			productReference = 382EA7191F7367470052BE27 /* BZCustomViewTests.xctest */;
			productType = "com.apple.product-type.bundle.unit-test";
		};
		382EA7231F7367470052BE27 /* BZCustomViewUITests */ = {
			isa = PBXNativeTarget;
			buildConfigurationList = 382EA7331F7367470052BE27 /* Build configuration list for PBXNativeTarget "BZCustomViewUITests" */;
			buildPhases = (
				382EA7201F7367470052BE27 /* Sources */,
				382EA7211F7367470052BE27 /* Frameworks */,
				382EA7221F7367470052BE27 /* Resources */,
			);
			buildRules = (
			);
			dependencies = (
				382EA7261F7367470052BE27 /* PBXTargetDependency */,
			);
			name = BZCustomViewUITests;
			productName = BZCustomViewUITests;
			productReference = 382EA7241F7367470052BE27 /* BZCustomViewUITests.xctest */;
			productType = "com.apple.product-type.bundle.ui-testing";
		};
/* End PBXNativeTarget section */

/* Begin PBXProject section */
		382EA6F81F7367470052BE27 /* Project object */ = {
			isa = PBXProject;
			attributes = {
				LastUpgradeCheck = 0830;
				ORGANIZATIONNAME = "刘小兵";
				TargetAttributes = {
					382EA6FF1F7367470052BE27 = {
						CreatedOnToolsVersion = 8.3.3;
						ProvisioningStyle = Automatic;
					};
					382EA7181F7367470052BE27 = {
						CreatedOnToolsVersion = 8.3.3;
						ProvisioningStyle = Automatic;
						TestTargetID = 382EA6FF1F7367470052BE27;
					};
					382EA7231F7367470052BE27 = {
						CreatedOnToolsVersion = 8.3.3;
						ProvisioningStyle = Automatic;
						TestTargetID = 382EA6FF1F7367470052BE27;
					};
				};
			};
			buildConfigurationList = 382EA6FB1F7367470052BE27 /* Build configuration list for PBXProject "BZCustomView" */;
			compatibilityVersion = "Xcode 3.2";
			developmentRegion = English;
			hasScannedForEncodings = 0;
			knownRegions = (
				English,
				en,
				Base,
			);
			mainGroup = 382EA6F71F7367470052BE27;
			productRefGroup = 382EA7011F7367470052BE27 /* Products */;
			projectDirPath = "";
			projectRoot = "";
			targets = (
				382EA6FF1F7367470052BE27 /* BZCustomView */,
				382EA7181F7367470052BE27 /* BZCustomViewTests */,
				382EA7231F7367470052BE27 /* BZCustomViewUITests */,
			);
		};
/* End PBXProject section */

/* Begin PBXResourcesBuildPhase section */
		382EA6FE1F7367470052BE27 /* Resources */ = {
			isa = PBXResourcesBuildPhase;
			buildActionMask = 2147483647;
			files = (
				382EA7131F7367470052BE27 /* LaunchScreen.storyboard in Resources */,
				6B3E5BD520C7DB15002CB0D9 /* Default-568h@2x.png in Resources */,
				382EA7101F7367470052BE27 /* Assets.xcassets in Resources */,
				382EA70E1F7367470052BE27 /* Main.storyboard in Resources */,
			);
			runOnlyForDeploymentPostprocessing = 0;
		};
		382EA7171F7367470052BE27 /* Resources */ = {
			isa = PBXResourcesBuildPhase;
			buildActionMask = 2147483647;
			files = (
			);
			runOnlyForDeploymentPostprocessing = 0;
		};
		382EA7221F7367470052BE27 /* Resources */ = {
			isa = PBXResourcesBuildPhase;
			buildActionMask = 2147483647;
			files = (
			);
			runOnlyForDeploymentPostprocessing = 0;
		};
/* End PBXResourcesBuildPhase section */

/* Begin PBXSourcesBuildPhase section */
		382EA6FC1F7367470052BE27 /* Sources */ = {
			isa = PBXSourcesBuildPhase;
			buildActionMask = 2147483647;
			files = (
				6B0BE9A420D10BCF00640AE9 /* SeekBarView.m in Sources */,
				6B121FA42440A1F800BD804F /* ArcLoadView.m in Sources */,
				6B07D51D20C8C13800BBB85B /* HWVC.m in Sources */,
				38250EE71F74DC3C008B86A2 /* ShapeLayer_BezierParh.m in Sources */,
				6B121FA12440A04700BD804F /* ArcVC.m in Sources */,
				382EA70B1F7367470052BE27 /* ViewController.m in Sources */,
				382EA7401F73AA390052BE27 /* LayerLoadingAnim.m in Sources */,
				38149A6A1F749EF5004A8938 /* OppoVC.m in Sources */,
				387F80931F8DA47200C0DB10 /* MoveLabelVC.m in Sources */,
				6B07D52020C8C15B00BBB85B /* HWCircleProgressView.m in Sources */,
				382EA7391F7369C50052BE27 /* TestDrawRect.m in Sources */,
				389963451F8CC9E80044C2D4 /* PointMoveByCircleLayer.m in Sources */,
				382EA7081F7367470052BE27 /* AppDelegate.m in Sources */,
				38149A671F749D3C004A8938 /* CircleLayer.m in Sources */,
				382EA73C1F7394430052BE27 /* LayerDraw.m in Sources */,
				382EA7051F7367470052BE27 /* main.m in Sources */,
				6B037DD520D2072000D03148 /* DrawUtils.m in Sources */,
				389963411F8CC8810044C2D4 /* PointMoveByCircleVC.m in Sources */,
				6B0BE9A120D10A1E00640AE9 /* SeekBarVC.m in Sources */,
			);
			runOnlyForDeploymentPostprocessing = 0;
		};
		382EA7151F7367470052BE27 /* Sources */ = {
			isa = PBXSourcesBuildPhase;
			buildActionMask = 2147483647;
			files = (
				382EA71E1F7367470052BE27 /* BZCustomViewTests.m in Sources */,
			);
			runOnlyForDeploymentPostprocessing = 0;
		};
		382EA7201F7367470052BE27 /* Sources */ = {
			isa = PBXSourcesBuildPhase;
			buildActionMask = 2147483647;
			files = (
				382EA7291F7367470052BE27 /* BZCustomViewUITests.m in Sources */,
			);
			runOnlyForDeploymentPostprocessing = 0;
		};
/* End PBXSourcesBuildPhase section */

/* Begin PBXTargetDependency section */
		382EA71B1F7367470052BE27 /* PBXTargetDependency */ = {
			isa = PBXTargetDependency;
			target = 382EA6FF1F7367470052BE27 /* BZCustomView */;
			targetProxy = 382EA71A1F7367470052BE27 /* PBXContainerItemProxy */;
		};
		382EA7261F7367470052BE27 /* PBXTargetDependency */ = {
			isa = PBXTargetDependency;
			target = 382EA6FF1F7367470052BE27 /* BZCustomView */;
			targetProxy = 382EA7251F7367470052BE27 /* PBXContainerItemProxy */;
		};
/* End PBXTargetDependency section */

/* Begin PBXVariantGroup section */
		382EA70C1F7367470052BE27 /* Main.storyboard */ = {
			isa = PBXVariantGroup;
			children = (
				382EA70D1F7367470052BE27 /* Base */,
			);
			name = Main.storyboard;
			sourceTree = "<group>";
		};
		382EA7111F7367470052BE27 /* LaunchScreen.storyboard */ = {
			isa = PBXVariantGroup;
			children = (
				382EA7121F7367470052BE27 /* Base */,
			);
			name = LaunchScreen.storyboard;
			sourceTree = "<group>";
		};
/* End PBXVariantGroup section */

/* Begin XCBuildConfiguration section */
		382EA72B1F7367470052BE27 /* Debug */ = {
			isa = XCBuildConfiguration;
			buildSettings = {
				ALWAYS_SEARCH_USER_PATHS = NO;
				CLANG_ANALYZER_NONNULL = YES;
				CLANG_ANALYZER_NUMBER_OBJECT_CONVERSION = YES_AGGRESSIVE;
				CLANG_CXX_LANGUAGE_STANDARD = "gnu++0x";
				CLANG_CXX_LIBRARY = "libc++";
				CLANG_ENABLE_MODULES = YES;
				CLANG_ENABLE_OBJC_ARC = YES;
				CLANG_WARN_BOOL_CONVERSION = YES;
				CLANG_WARN_CONSTANT_CONVERSION = YES;
				CLANG_WARN_DIRECT_OBJC_ISA_USAGE = YES_ERROR;
				CLANG_WARN_DOCUMENTATION_COMMENTS = YES;
				CLANG_WARN_EMPTY_BODY = YES;
				CLANG_WARN_ENUM_CONVERSION = YES;
				CLANG_WARN_INFINITE_RECURSION = YES;
				CLANG_WARN_INT_CONVERSION = YES;
				CLANG_WARN_OBJC_ROOT_CLASS = YES_ERROR;
				CLANG_WARN_SUSPICIOUS_MOVE = YES;
				CLANG_WARN_UNREACHABLE_CODE = YES;
				CLANG_WARN__DUPLICATE_METHOD_MATCH = YES;
				"CODE_SIGN_IDENTITY[sdk=iphoneos*]" = "iPhone Developer";
				COPY_PHASE_STRIP = NO;
				DEBUG_INFORMATION_FORMAT = dwarf;
				ENABLE_STRICT_OBJC_MSGSEND = YES;
				ENABLE_TESTABILITY = YES;
				GCC_C_LANGUAGE_STANDARD = gnu99;
				GCC_DYNAMIC_NO_PIC = NO;
				GCC_NO_COMMON_BLOCKS = YES;
				GCC_OPTIMIZATION_LEVEL = 0;
				GCC_PREPROCESSOR_DEFINITIONS = (
					"DEBUG=1",
					"$(inherited)",
				);
				GCC_WARN_64_TO_32_BIT_CONVERSION = YES;
				GCC_WARN_ABOUT_RETURN_TYPE = YES_ERROR;
				GCC_WARN_UNDECLARED_SELECTOR = YES;
				GCC_WARN_UNINITIALIZED_AUTOS = YES_AGGRESSIVE;
				GCC_WARN_UNUSED_FUNCTION = YES;
				GCC_WARN_UNUSED_VARIABLE = YES;
				IPHONEOS_DEPLOYMENT_TARGET = 10.3;
				MTL_ENABLE_DEBUG_INFO = YES;
				ONLY_ACTIVE_ARCH = YES;
				SDKROOT = iphoneos;
				TARGETED_DEVICE_FAMILY = "1,2";
			};
			name = Debug;
		};
		382EA72C1F7367470052BE27 /* Release */ = {
			isa = XCBuildConfiguration;
			buildSettings = {
				ALWAYS_SEARCH_USER_PATHS = NO;
				CLANG_ANALYZER_NONNULL = YES;
				CLANG_ANALYZER_NUMBER_OBJECT_CONVERSION = YES_AGGRESSIVE;
				CLANG_CXX_LANGUAGE_STANDARD = "gnu++0x";
				CLANG_CXX_LIBRARY = "libc++";
				CLANG_ENABLE_MODULES = YES;
				CLANG_ENABLE_OBJC_ARC = YES;
				CLANG_WARN_BOOL_CONVERSION = YES;
				CLANG_WARN_CONSTANT_CONVERSION = YES;
				CLANG_WARN_DIRECT_OBJC_ISA_USAGE = YES_ERROR;
				CLANG_WARN_DOCUMENTATION_COMMENTS = YES;
				CLANG_WARN_EMPTY_BODY = YES;
				CLANG_WARN_ENUM_CONVERSION = YES;
				CLANG_WARN_INFINITE_RECURSION = YES;
				CLANG_WARN_INT_CONVERSION = YES;
				CLANG_WARN_OBJC_ROOT_CLASS = YES_ERROR;
				CLANG_WARN_SUSPICIOUS_MOVE = YES;
				CLANG_WARN_UNREACHABLE_CODE = YES;
				CLANG_WARN__DUPLICATE_METHOD_MATCH = YES;
				"CODE_SIGN_IDENTITY[sdk=iphoneos*]" = "iPhone Developer";
				COPY_PHASE_STRIP = NO;
				DEBUG_INFORMATION_FORMAT = "dwarf-with-dsym";
				ENABLE_NS_ASSERTIONS = NO;
				ENABLE_STRICT_OBJC_MSGSEND = YES;
				GCC_C_LANGUAGE_STANDARD = gnu99;
				GCC_NO_COMMON_BLOCKS = YES;
				GCC_WARN_64_TO_32_BIT_CONVERSION = YES;
				GCC_WARN_ABOUT_RETURN_TYPE = YES_ERROR;
				GCC_WARN_UNDECLARED_SELECTOR = YES;
				GCC_WARN_UNINITIALIZED_AUTOS = YES_AGGRESSIVE;
				GCC_WARN_UNUSED_FUNCTION = YES;
				GCC_WARN_UNUSED_VARIABLE = YES;
				IPHONEOS_DEPLOYMENT_TARGET = 10.3;
				MTL_ENABLE_DEBUG_INFO = NO;
				SDKROOT = iphoneos;
				TARGETED_DEVICE_FAMILY = "1,2";
				VALIDATE_PRODUCT = YES;
			};
			name = Release;
		};
		382EA72E1F7367470052BE27 /* Debug */ = {
			isa = XCBuildConfiguration;
			buildSettings = {
				ASSETCATALOG_COMPILER_APPICON_NAME = AppIcon;
				INFOPLIST_FILE = BZCustomView/Info.plist;
				LD_RUNPATH_SEARCH_PATHS = "$(inherited) @executable_path/Frameworks";
				PRODUCT_BUNDLE_IDENTIFIER = baize.BZCustomView;
				PRODUCT_NAME = "$(TARGET_NAME)";
			};
			name = Debug;
		};
		382EA72F1F7367470052BE27 /* Release */ = {
			isa = XCBuildConfiguration;
			buildSettings = {
				ASSETCATALOG_COMPILER_APPICON_NAME = AppIcon;
				INFOPLIST_FILE = BZCustomView/Info.plist;
				LD_RUNPATH_SEARCH_PATHS = "$(inherited) @executable_path/Frameworks";
				PRODUCT_BUNDLE_IDENTIFIER = baize.BZCustomView;
				PRODUCT_NAME = "$(TARGET_NAME)";
			};
			name = Release;
		};
		382EA7311F7367470052BE27 /* Debug */ = {
			isa = XCBuildConfiguration;
			buildSettings = {
				BUNDLE_LOADER = "$(TEST_HOST)";
				INFOPLIST_FILE = BZCustomViewTests/Info.plist;
				LD_RUNPATH_SEARCH_PATHS = "$(inherited) @executable_path/Frameworks @loader_path/Frameworks";
				PRODUCT_BUNDLE_IDENTIFIER = baize.BZCustomViewTests;
				PRODUCT_NAME = "$(TARGET_NAME)";
				TEST_HOST = "$(BUILT_PRODUCTS_DIR)/BZCustomView.app/BZCustomView";
			};
			name = Debug;
		};
		382EA7321F7367470052BE27 /* Release */ = {
			isa = XCBuildConfiguration;
			buildSettings = {
				BUNDLE_LOADER = "$(TEST_HOST)";
				INFOPLIST_FILE = BZCustomViewTests/Info.plist;
				LD_RUNPATH_SEARCH_PATHS = "$(inherited) @executable_path/Frameworks @loader_path/Frameworks";
				PRODUCT_BUNDLE_IDENTIFIER = baize.BZCustomViewTests;
				PRODUCT_NAME = "$(TARGET_NAME)";
				TEST_HOST = "$(BUILT_PRODUCTS_DIR)/BZCustomView.app/BZCustomView";
			};
			name = Release;
		};
		382EA7341F7367470052BE27 /* Debug */ = {
			isa = XCBuildConfiguration;
			buildSettings = {
				INFOPLIST_FILE = BZCustomViewUITests/Info.plist;
				LD_RUNPATH_SEARCH_PATHS = "$(inherited) @executable_path/Frameworks @loader_path/Frameworks";
				PRODUCT_BUNDLE_IDENTIFIER = baize.BZCustomViewUITests;
				PRODUCT_NAME = "$(TARGET_NAME)";
				TEST_TARGET_NAME = BZCustomView;
			};
			name = Debug;
		};
		382EA7351F7367470052BE27 /* Release */ = {
			isa = XCBuildConfiguration;
			buildSettings = {
				INFOPLIST_FILE = BZCustomViewUITests/Info.plist;
				LD_RUNPATH_SEARCH_PATHS = "$(inherited) @executable_path/Frameworks @loader_path/Frameworks";
				PRODUCT_BUNDLE_IDENTIFIER = baize.BZCustomViewUITests;
				PRODUCT_NAME = "$(TARGET_NAME)";
				TEST_TARGET_NAME = BZCustomView;
			};
			name = Release;
		};
/* End XCBuildConfiguration section */

/* Begin XCConfigurationList section */
		382EA6FB1F7367470052BE27 /* Build configuration list for PBXProject "BZCustomView" */ = {
			isa = XCConfigurationList;
			buildConfigurations = (
				382EA72B1F7367470052BE27 /* Debug */,
				382EA72C1F7367470052BE27 /* Release */,
			);
			defaultConfigurationIsVisible = 0;
			defaultConfigurationName = Release;
		};
		382EA72D1F7367470052BE27 /* Build configuration list for PBXNativeTarget "BZCustomView" */ = {
			isa = XCConfigurationList;
			buildConfigurations = (
				382EA72E1F7367470052BE27 /* Debug */,
				382EA72F1F7367470052BE27 /* Release */,
			);
			defaultConfigurationIsVisible = 0;
			defaultConfigurationName = Release;
		};
		382EA7301F7367470052BE27 /* Build configuration list for PBXNativeTarget "BZCustomViewTests" */ = {
			isa = XCConfigurationList;
			buildConfigurations = (
				382EA7311F7367470052BE27 /* Debug */,
				382EA7321F7367470052BE27 /* Release */,
			);
			defaultConfigurationIsVisible = 0;
			defaultConfigurationName = Release;
		};
		382EA7331F7367470052BE27 /* Build configuration list for PBXNativeTarget "BZCustomViewUITests" */ = {
			isa = XCConfigurationList;
			buildConfigurations = (
				382EA7341F7367470052BE27 /* Debug */,
				382EA7351F7367470052BE27 /* Release */,
			);
			defaultConfigurationIsVisible = 0;
			defaultConfigurationName = Release;
		};
/* End XCConfigurationList section */
	};
	rootObject = 382EA6F81F7367470052BE27 /* Project object */;
}
