// !$*UTF8*$!
{
	archiveVersion = 1;
	classes = {
	};
	objectVersion = 46;
	objects = {

/* Begin PBXBuildFile section */
		38149A671F749D3C004A8938 /* CircleLayer.m in Sources */ = {isa = PBXBuildFile; fileRef = 38149A661F749D3C004A8938 /* CircleLayer.m */; };
		38149A6A1F749EF5004A8938 /* OppoVC.m in Sources */ = {isa = PBXBuildFile; fileRef = 38149A691F749EF5004A8938 /* OppoVC.m */; };
		38250EE71F74DC3C008B86A2 /* ShapeLayer_BezierParh.m in Sources */ = {isa = PBXBuildFile; fileRef = 38250EE61F74DC3C008B86A2 /* ShapeLayer_BezierParh.m */; };
		382EA7051F7367470052BE27 /* main.m in Sources */ = {isa = PBXBuildFile; fileRef = 382EA7041F7367470052BE27 /* main.m */; };
		382EA7081F7367470052BE27 /* AppDelegate.m in Sources */ = {isa = PBXBuildFile; fileRef = 382EA7071F7367470052BE27 /* AppDelegate.m */; };
		382EA70B1F7367470052BE27 /* ViewController.m in Sources */ = {isa = PBXBuildFile; fileRef = 382EA70A1F7367470052BE27 /* ViewController.m */; };
		382EA70E1F7367470052BE27 /* Main.storyboard in Resources */ = {isa = PBXBuildFile; fileRef = 382EA70C1F7367470052BE27 /* Main.storyboard */; };
		382EA7101F7367470052BE27 /* Assets.xcassets in Resources */ = {isa = PBXBuildFile; fileRef = 382EA70F1F7367470052BE27 /* Assets.xcassets */; };
		382EA7131F7367470052BE27 /* LaunchScreen.storyboard in Resources */ = {isa = PBXBuildFile; fileRef = 382EA7111F7367470052BE27 /* LaunchScreen.storyboard */; };
		382EA71E1F7367470052BE27 /* BZCustomViewTests.m in Sources */ = {isa = PBXBuildFile; fileRef = 382EA71D1F7367470052BE27 /* BZCustomViewTests.m */; };
		382EA7291F7367470052BE27 /* BZCustomViewUITests.m in Sources */ = {isa = PBXBuildFile; fileRef = 382EA7281F7367470052BE27 /* BZCustomViewUITests.m */; };
		382EA7391F7369C50052BE27 /* TestDrawRect.m in Sources */ = {isa = PBXBuildFile; fileRef = 382EA7381F7369C50052BE27 /* TestDrawRect.m */; };
		382EA73C1F7394430052BE27 /* LayerDraw.m in Sources */ = {isa = PBXBuildFile; fileRef = 382EA73B1F7394430052BE27 /* LayerDraw.m */; };
		382EA7401F73AA390052BE27 /* LayerLoadingAnim.m in Sources */ = {isa = PBXBuildFile; fileRef = 382EA73F1F73AA390052BE27 /* LayerLoadingAnim.m */; };
		387F80931F8DA47200C0DB10 /* MoveLabelVC.m in Sources */ = {isa = PBXBuildFile; fileRef = 387F80921F8DA47200C0DB10 /* MoveLabelVC.m */; };
		389963411F8CC8810044C2D4 /* PointMoveByCircleVC.m in Sources */ = {isa = PBXBuildFile; fileRef = 389963401F8CC8810044C2D4 /* PointMoveByCircleVC.m */; };
		389963451F8CC9E80044C2D4 /* PointMoveByCircleLayer.m in Sources */ = {isa = PBXBuildFile; fileRef = 389963441F8CC9E80044C2D4 /* PointMoveByCircleLayer.m */; };
		6B0365B924C82F6A001CBCEE /* NSNotificatioVC.m in Sources */ = {isa = PBXBuildFile; fileRef = 6B0365B824C82F6A001CBCEE /* NSNotificatioVC.m */; };
		6B037DD520D2072000D03148 /* DrawUtils.m in Sources */ = {isa = PBXBuildFile; fileRef = 6B037DD420D2072000D03148 /* DrawUtils.m */; };
		6B07D51D20C8C13800BBB85B /* HWVC.m in Sources */ = {isa = PBXBuildFile; fileRef = 6B07D51C20C8C13800BBB85B /* HWVC.m */; };
		6B07D52020C8C15B00BBB85B /* HWCircleProgressView.m in Sources */ = {isa = PBXBuildFile; fileRef = 6B07D51F20C8C15B00BBB85B /* HWCircleProgressView.m */; };
		6B0BE9A120D10A1E00640AE9 /* SeekBarVC.m in Sources */ = {isa = PBXBuildFile; fileRef = 6B0BE9A020D10A1E00640AE9 /* SeekBarVC.m */; };
		6B0BE9A420D10BCF00640AE9 /* SeekBarView.m in Sources */ = {isa = PBXBuildFile; fileRef = 6B0BE9A320D10BCF00640AE9 /* SeekBarView.m */; };
		6B121FA12440A04700BD804F /* ArcVC.m in Sources */ = {isa = PBXBuildFile; fileRef = 6B121FA02440A04700BD804F /* ArcVC.m */; };
		6B121FA42440A1F800BD804F /* ArcLoadView.m in Sources */ = {isa = PBXBuildFile; fileRef = 6B121FA32440A1F800BD804F /* ArcLoadView.m */; };
		6B302E392467B1C9003884CF /* Stack.m in Sources */ = {isa = PBXBuildFile; fileRef = 6B302E382467B1C9003884CF /* Stack.m */; };
		6B302E3C2467BCE7003884CF /* StackGame.m in Sources */ = {isa = PBXBuildFile; fileRef = 6B302E3B2467BCE7003884CF /* StackGame.m */; };
		6B302E3F2467BD9A003884CF /* Cell.m in Sources */ = {isa = PBXBuildFile; fileRef = 6B302E3E2467BD9A003884CF /* Cell.m */; };
		6B36257D2455730D0099604F /* CircleIndicatorView.m in Sources */ = {isa = PBXBuildFile; fileRef = 6B36257A2455730D0099604F /* CircleIndicatorView.m */; };
		6B36257E2455730D0099604F /* RectangleIndicatorView.m in Sources */ = {isa = PBXBuildFile; fileRef = 6B36257B2455730D0099604F /* RectangleIndicatorView.m */; };
		6B362582245574730099604F /* ArcIndicatorVC.m in Sources */ = {isa = PBXBuildFile; fileRef = 6B362581245574730099604F /* ArcIndicatorVC.m */; };
		6B3E5BD520C7DB15002CB0D9 /* Default-568h@2x.png in Resources */ = {isa = PBXBuildFile; fileRef = 6B3E5BD420C7DB15002CB0D9 /* Default-568h@2x.png */; };
		6B440B7E24B06626009FD3DD /* RuntimeVC.m in Sources */ = {isa = PBXBuildFile; fileRef = 6B440B7D24B06626009FD3DD /* RuntimeVC.m */; };
		6B440B8124B0679C009FD3DD /* NSArray+CrashHandle.m in Sources */ = {isa = PBXBuildFile; fileRef = 6B440B8024B0679C009FD3DD /* NSArray+CrashHandle.m */; };
		6B4432772462E4830014E255 /* RunloopVC.m in Sources */ = {isa = PBXBuildFile; fileRef = 6B4432762462E4830014E255 /* RunloopVC.m */; };
		6B44327B2463A7360014E255 /* DataStructVC.m in Sources */ = {isa = PBXBuildFile; fileRef = 6B44327A2463A7360014E255 /* DataStructVC.m */; };
		6B44327E2463AA5A0014E255 /* LinkedList.m in Sources */ = {isa = PBXBuildFile; fileRef = 6B44327D2463AA5A0014E255 /* LinkedList.m */; };
		6B44328524657B7C0014E255 /* QueueArray.m in Sources */ = {isa = PBXBuildFile; fileRef = 6B44328424657B7C0014E255 /* QueueArray.m */; };
		6B44328824664C150014E255 /* QueueLinkedList.m in Sources */ = {isa = PBXBuildFile; fileRef = 6B44328724664C150014E255 /* QueueLinkedList.m */; };
		6B5F0A01247B6AE70070EAD2 /* AbcKeyBoardView.m in Sources */ = {isa = PBXBuildFile; fileRef = 6B5F0A00247B6AE70070EAD2 /* AbcKeyBoardView.m */; };
		6B5F0A04247B7A9C0070EAD2 /* KeyboardBaseView.m in Sources */ = {isa = PBXBuildFile; fileRef = 6B5F0A03247B7A9C0070EAD2 /* KeyboardBaseView.m */; };
		6B5F0A0A247BB5D90070EAD2 /* KeyboardMgr.m in Sources */ = {isa = PBXBuildFile; fileRef = 6B5F0A09247BB5D90070EAD2 /* KeyboardMgr.m */; };
		6B5F0A0F247BC0420070EAD2 /* GTMBase64.m in Sources */ = {isa = PBXBuildFile; fileRef = 6B5F0A0E247BC0420070EAD2 /* GTMBase64.m */; };
		6B5F0A1B247BC3110070EAD2 /* NSString+Des3.m in Sources */ = {isa = PBXBuildFile; fileRef = 6B5F0A1A247BC3110070EAD2 /* NSString+Des3.m */; };
		6B6B6908247666010039D88E /* UIView+Resize.m in Sources */ = {isa = PBXBuildFile; fileRef = 6B6B6907247666010039D88E /* UIView+Resize.m */; };
		6B6B690B24766A8F0039D88E /* ScrollLabel.m in Sources */ = {isa = PBXBuildFile; fileRef = 6B6B690A24766A8F0039D88E /* ScrollLabel.m */; };
		6B726B2924582BAD00F0840A /* StickScrollVC.m in Sources */ = {isa = PBXBuildFile; fileRef = 6B726B2824582BAD00F0840A /* StickScrollVC.m */; };
		6B726B2C24582C2E00F0840A /* CollectionViewLayout.m in Sources */ = {isa = PBXBuildFile; fileRef = 6B726B2B24582C2E00F0840A /* CollectionViewLayout.m */; };
		6B726B2F24582D1E00F0840A /* ItemView.m in Sources */ = {isa = PBXBuildFile; fileRef = 6B726B2E24582D1E00F0840A /* ItemView.m */; };
		6B726B332458337300F0840A /* UIScrollView+LXBScrollView.m in Sources */ = {isa = PBXBuildFile; fileRef = 6B726B322458337300F0840A /* UIScrollView+LXBScrollView.m */; };
		6B726B36245835A000F0840A /* ScrollNavBar.m in Sources */ = {isa = PBXBuildFile; fileRef = 6B726B35245835A000F0840A /* ScrollNavBar.m */; };
		6B726B3924583A5D00F0840A /* UIView+LXB.m in Sources */ = {isa = PBXBuildFile; fileRef = 6B726B3824583A5D00F0840A /* UIView+LXB.m */; };
		6B73FDE82473F7F900145FA8 /* SubStack.m in Sources */ = {isa = PBXBuildFile; fileRef = 6B73FDE72473F7F900145FA8 /* SubStack.m */; };
		6BA0E5032477737100E13B97 /* KeyboardVC.m in Sources */ = {isa = PBXBuildFile; fileRef = 6BA0E5022477737100E13B97 /* KeyboardVC.m */; };
		6BA0E506247773AF00E13B97 /* KeyboardView.m in Sources */ = {isa = PBXBuildFile; fileRef = 6BA0E505247773AF00E13B97 /* KeyboardView.m */; };
		6BAAB41024BB478200F7B67C /* KVCKVOVC.m in Sources */ = {isa = PBXBuildFile; fileRef = 6BAAB40F24BB478200F7B67C /* KVCKVOVC.m */; };
		6BAAB41424BB499C00F7B67C /* Man.m in Sources */ = {isa = PBXBuildFile; fileRef = 6BAAB41324BB499C00F7B67C /* Man.m */; };
		6BCF9A93244F194B0036E8B4 /* HWPanModalContainerView.m in Sources */ = {isa = PBXBuildFile; fileRef = 6BCF9A64244F194B0036E8B4 /* HWPanModalContainerView.m */; };
		6BCF9A94244F194B0036E8B4 /* HWPanModalPresentationDelegate.m in Sources */ = {isa = PBXBuildFile; fileRef = 6BCF9A66244F194B0036E8B4 /* HWPanModalPresentationDelegate.m */; };
		6BCF9A95244F194B0036E8B4 /* HWDimmedView.m in Sources */ = {isa = PBXBuildFile; fileRef = 6BCF9A67244F194B0036E8B4 /* HWDimmedView.m */; };
		6BCF9A96244F194B0036E8B4 /* UIViewController+LayoutHelper.m in Sources */ = {isa = PBXBuildFile; fileRef = 6BCF9A69244F194B0036E8B4 /* UIViewController+LayoutHelper.m */; };
		6BCF9A97244F194B0036E8B4 /* UIScrollView+Helper.m in Sources */ = {isa = PBXBuildFile; fileRef = 6BCF9A6A244F194B0036E8B4 /* UIScrollView+Helper.m */; };
		6BCF9A98244F194B0036E8B4 /* UIViewController+PanModalDefault.m in Sources */ = {isa = PBXBuildFile; fileRef = 6BCF9A6B244F194B0036E8B4 /* UIViewController+PanModalDefault.m */; };
		6BCF9A99244F194B0036E8B4 /* UIView+HW_Frame.m in Sources */ = {isa = PBXBuildFile; fileRef = 6BCF9A6E244F194B0036E8B4 /* UIView+HW_Frame.m */; };
		6BCF9A9A244F194B0036E8B4 /* HWVisualEffectView.m in Sources */ = {isa = PBXBuildFile; fileRef = 6BCF9A72244F194B0036E8B4 /* HWVisualEffectView.m */; };
		6BCF9A9B244F194B0036E8B4 /* HWPanModalPresentableHandler.m in Sources */ = {isa = PBXBuildFile; fileRef = 6BCF9A73244F194B0036E8B4 /* HWPanModalPresentableHandler.m */; };
		6BCF9A9C244F194B0036E8B4 /* HWBaseViewController.m in Sources */ = {isa = PBXBuildFile; fileRef = 6BCF9A74244F194B0036E8B4 /* HWBaseViewController.m */; };
		6BCF9A9D244F194B0036E8B4 /* HWShoppingCartPresentingAnimation.m in Sources */ = {isa = PBXBuildFile; fileRef = 6BCF9A76244F194B0036E8B4 /* HWShoppingCartPresentingAnimation.m */; };
		6BCF9A9E244F194B0036E8B4 /* HWPanModalInteractiveAnimator.m in Sources */ = {isa = PBXBuildFile; fileRef = 6BCF9A78244F194B0036E8B4 /* HWPanModalInteractiveAnimator.m */; };
		6BCF9A9F244F194B0036E8B4 /* HWPageSheetPresentingAnimation.m in Sources */ = {isa = PBXBuildFile; fileRef = 6BCF9A79244F194B0036E8B4 /* HWPageSheetPresentingAnimation.m */; };
		6BCF9AA0244F194B0036E8B4 /* HWPanModalAnimator.m in Sources */ = {isa = PBXBuildFile; fileRef = 6BCF9A7B244F194B0036E8B4 /* HWPanModalAnimator.m */; };
		6BCF9AA1244F194B0036E8B4 /* HWPanModalPresentationAnimator.m in Sources */ = {isa = PBXBuildFile; fileRef = 6BCF9A7F244F194B0036E8B4 /* HWPanModalPresentationAnimator.m */; };
		6BCF9AA2244F194B0036E8B4 /* UIViewController+PanModalPresenter.m in Sources */ = {isa = PBXBuildFile; fileRef = 6BCF9A83244F194B0036E8B4 /* UIViewController+PanModalPresenter.m */; };
		6BCF9AA3244F194B0036E8B4 /* HWPanContainerView.m in Sources */ = {isa = PBXBuildFile; fileRef = 6BCF9A85244F194B0036E8B4 /* HWPanContainerView.m */; };
		6BCF9AA4244F194B0036E8B4 /* HWPanIndicatorView.m in Sources */ = {isa = PBXBuildFile; fileRef = 6BCF9A89244F194B0036E8B4 /* HWPanIndicatorView.m */; };
		6BCF9AA5244F194B0036E8B4 /* HWPanModalContentView.m in Sources */ = {isa = PBXBuildFile; fileRef = 6BCF9A8E244F194B0036E8B4 /* HWPanModalContentView.m */; };
		6BCF9AA6244F194B0036E8B4 /* HWPanModalPresentationController.m in Sources */ = {isa = PBXBuildFile; fileRef = 6BCF9A8F244F194B0036E8B4 /* HWPanModalPresentationController.m */; };
		6BCF9AA7244F194B0036E8B4 /* KeyValueObserver.m in Sources */ = {isa = PBXBuildFile; fileRef = 6BCF9A92244F194B0036E8B4 /* KeyValueObserver.m */; };
		6BE65B952468F87B005861C2 /* DelimiterMatch.m in Sources */ = {isa = PBXBuildFile; fileRef = 6BE65B942468F87B005861C2 /* DelimiterMatch.m */; };
		6BE65B9924693209005861C2 /* AddLargeNumber.m in Sources */ = {isa = PBXBuildFile; fileRef = 6BE65B9824693209005861C2 /* AddLargeNumber.m */; };
		6BE65B9D2469508D005861C2 /* HexTranseMgr.m in Sources */ = {isa = PBXBuildFile; fileRef = 6BE65B9C2469508D005861C2 /* HexTranseMgr.m */; };
		6BE65BA1246A4C4A005861C2 /* TreeVC.m in Sources */ = {isa = PBXBuildFile; fileRef = 6BE65BA0246A4C4A005861C2 /* TreeVC.m */; };
		6BE65BA4246A4D00005861C2 /* TreeNode.m in Sources */ = {isa = PBXBuildFile; fileRef = 6BE65BA3246A4D00005861C2 /* TreeNode.m */; };
		6BE65BA7246A5118005861C2 /* BinaryTree.m in Sources */ = {isa = PBXBuildFile; fileRef = 6BE65BA6246A5118005861C2 /* BinaryTree.m */; };
		6BE65BAB246D2488005861C2 /* SortVC.m in Sources */ = {isa = PBXBuildFile; fileRef = 6BE65BAA246D2488005861C2 /* SortVC.m */; };
		6BF56D1524B460160030AB7A /* Father.m in Sources */ = {isa = PBXBuildFile; fileRef = 6BF56D1424B460160030AB7A /* Father.m */; };
		6BF56D1824B460490030AB7A /* Son.m in Sources */ = {isa = PBXBuildFile; fileRef = 6BF56D1724B460490030AB7A /* Son.m */; };
		6BF56D1B24B460A70030AB7A /* Son+Swizzle.m in Sources */ = {isa = PBXBuildFile; fileRef = 6BF56D1A24B460A70030AB7A /* Son+Swizzle.m */; };
		6BFDFDF72486259700AFAE93 /* CopyVC.m in Sources */ = {isa = PBXBuildFile; fileRef = 6BFDFDF62486259700AFAE93 /* CopyVC.m */; };
		6BFE85032487BA0F00C557E6 /* GuideVC.m in Sources */ = {isa = PBXBuildFile; fileRef = 6BFE85022487BA0F00C557E6 /* GuideVC.m */; };
/* End PBXBuildFile section */

/* Begin PBXContainerItemProxy section */
		382EA71A1F7367470052BE27 /* PBXContainerItemProxy */ = {
			isa = PBXContainerItemProxy;
			containerPortal = 382EA6F81F7367470052BE27 /* Project object */;
			proxyType = 1;
			remoteGlobalIDString = 382EA6FF1F7367470052BE27;
			remoteInfo = BZCustomView;
		};
		382EA7251F7367470052BE27 /* PBXContainerItemProxy */ = {
			isa = PBXContainerItemProxy;
			containerPortal = 382EA6F81F7367470052BE27 /* Project object */;
			proxyType = 1;
			remoteGlobalIDString = 382EA6FF1F7367470052BE27;
			remoteInfo = BZCustomView;
		};
/* End PBXContainerItemProxy section */

/* Begin PBXFileReference section */
		38149A651F749D3C004A8938 /* CircleLayer.h */ = {isa = PBXFileReference; fileEncoding = 4; lastKnownFileType = sourcecode.c.h; name = CircleLayer.h; path = layer/CircleLayer.h; sourceTree = "<group>"; };
		38149A661F749D3C004A8938 /* CircleLayer.m */ = {isa = PBXFileReference; fileEncoding = 4; lastKnownFileType = sourcecode.c.objc; name = CircleLayer.m; path = layer/CircleLayer.m; sourceTree = "<group>"; };
		38149A681F749EF5004A8938 /* OppoVC.h */ = {isa = PBXFileReference; fileEncoding = 4; lastKnownFileType = sourcecode.c.h; path = OppoVC.h; sourceTree = "<group>"; };
		38149A691F749EF5004A8938 /* OppoVC.m */ = {isa = PBXFileReference; fileEncoding = 4; lastKnownFileType = sourcecode.c.objc; path = OppoVC.m; sourceTree = "<group>"; };
		38250EE51F74DC3C008B86A2 /* ShapeLayer_BezierParh.h */ = {isa = PBXFileReference; fileEncoding = 4; lastKnownFileType = sourcecode.c.h; name = ShapeLayer_BezierParh.h; path = BezierPath_View/ShapeLayer_BezierParh.h; sourceTree = "<group>"; };
		38250EE61F74DC3C008B86A2 /* ShapeLayer_BezierParh.m */ = {isa = PBXFileReference; fileEncoding = 4; lastKnownFileType = sourcecode.c.objc; name = ShapeLayer_BezierParh.m; path = BezierPath_View/ShapeLayer_BezierParh.m; sourceTree = "<group>"; };
		382EA7001F7367470052BE27 /* BZCustomView.app */ = {isa = PBXFileReference; explicitFileType = wrapper.application; includeInIndex = 0; path = BZCustomView.app; sourceTree = BUILT_PRODUCTS_DIR; };
		382EA7041F7367470052BE27 /* main.m */ = {isa = PBXFileReference; lastKnownFileType = sourcecode.c.objc; path = main.m; sourceTree = "<group>"; };
		382EA7061F7367470052BE27 /* AppDelegate.h */ = {isa = PBXFileReference; lastKnownFileType = sourcecode.c.h; path = AppDelegate.h; sourceTree = "<group>"; };
		382EA7071F7367470052BE27 /* AppDelegate.m */ = {isa = PBXFileReference; lastKnownFileType = sourcecode.c.objc; path = AppDelegate.m; sourceTree = "<group>"; };
		382EA7091F7367470052BE27 /* ViewController.h */ = {isa = PBXFileReference; lastKnownFileType = sourcecode.c.h; path = ViewController.h; sourceTree = "<group>"; };
		382EA70A1F7367470052BE27 /* ViewController.m */ = {isa = PBXFileReference; lastKnownFileType = sourcecode.c.objc; path = ViewController.m; sourceTree = "<group>"; };
		382EA70D1F7367470052BE27 /* Base */ = {isa = PBXFileReference; lastKnownFileType = file.storyboard; name = Base; path = Base.lproj/Main.storyboard; sourceTree = "<group>"; };
		382EA70F1F7367470052BE27 /* Assets.xcassets */ = {isa = PBXFileReference; lastKnownFileType = folder.assetcatalog; path = Assets.xcassets; sourceTree = "<group>"; };
		382EA7121F7367470052BE27 /* Base */ = {isa = PBXFileReference; lastKnownFileType = file.storyboard; name = Base; path = Base.lproj/LaunchScreen.storyboard; sourceTree = "<group>"; };
		382EA7141F7367470052BE27 /* Info.plist */ = {isa = PBXFileReference; lastKnownFileType = text.plist.xml; path = Info.plist; sourceTree = "<group>"; };
		382EA7191F7367470052BE27 /* BZCustomViewTests.xctest */ = {isa = PBXFileReference; explicitFileType = wrapper.cfbundle; includeInIndex = 0; path = BZCustomViewTests.xctest; sourceTree = BUILT_PRODUCTS_DIR; };
		382EA71D1F7367470052BE27 /* BZCustomViewTests.m */ = {isa = PBXFileReference; lastKnownFileType = sourcecode.c.objc; path = BZCustomViewTests.m; sourceTree = "<group>"; };
		382EA71F1F7367470052BE27 /* Info.plist */ = {isa = PBXFileReference; lastKnownFileType = text.plist.xml; path = Info.plist; sourceTree = "<group>"; };
		382EA7241F7367470052BE27 /* BZCustomViewUITests.xctest */ = {isa = PBXFileReference; explicitFileType = wrapper.cfbundle; includeInIndex = 0; path = BZCustomViewUITests.xctest; sourceTree = BUILT_PRODUCTS_DIR; };
		382EA7281F7367470052BE27 /* BZCustomViewUITests.m */ = {isa = PBXFileReference; lastKnownFileType = sourcecode.c.objc; path = BZCustomViewUITests.m; sourceTree = "<group>"; };
		382EA72A1F7367470052BE27 /* Info.plist */ = {isa = PBXFileReference; lastKnownFileType = text.plist.xml; path = Info.plist; sourceTree = "<group>"; };
		382EA7371F7369C50052BE27 /* TestDrawRect.h */ = {isa = PBXFileReference; fileEncoding = 4; lastKnownFileType = sourcecode.c.h; name = TestDrawRect.h; path = view/TestDrawRect.h; sourceTree = "<group>"; };
		382EA7381F7369C50052BE27 /* TestDrawRect.m */ = {isa = PBXFileReference; fileEncoding = 4; lastKnownFileType = sourcecode.c.objc; name = TestDrawRect.m; path = view/TestDrawRect.m; sourceTree = "<group>"; };
		382EA73A1F7394430052BE27 /* LayerDraw.h */ = {isa = PBXFileReference; fileEncoding = 4; lastKnownFileType = sourcecode.c.h; name = LayerDraw.h; path = view/LayerDraw.h; sourceTree = "<group>"; };
		382EA73B1F7394430052BE27 /* LayerDraw.m */ = {isa = PBXFileReference; fileEncoding = 4; lastKnownFileType = sourcecode.c.objc; name = LayerDraw.m; path = view/LayerDraw.m; sourceTree = "<group>"; };
		382EA73E1F73AA390052BE27 /* LayerLoadingAnim.h */ = {isa = PBXFileReference; fileEncoding = 4; lastKnownFileType = sourcecode.c.h; name = LayerLoadingAnim.h; path = layer/LayerLoadingAnim.h; sourceTree = "<group>"; };
		382EA73F1F73AA390052BE27 /* LayerLoadingAnim.m */ = {isa = PBXFileReference; fileEncoding = 4; lastKnownFileType = sourcecode.c.objc; name = LayerLoadingAnim.m; path = layer/LayerLoadingAnim.m; sourceTree = "<group>"; };
		387F80911F8DA47200C0DB10 /* MoveLabelVC.h */ = {isa = PBXFileReference; fileEncoding = 4; lastKnownFileType = sourcecode.c.h; name = MoveLabelVC.h; path = movelabel/MoveLabelVC.h; sourceTree = "<group>"; };
		387F80921F8DA47200C0DB10 /* MoveLabelVC.m */ = {isa = PBXFileReference; fileEncoding = 4; lastKnownFileType = sourcecode.c.objc; name = MoveLabelVC.m; path = movelabel/MoveLabelVC.m; sourceTree = "<group>"; };
		3899633F1F8CC8810044C2D4 /* PointMoveByCircleVC.h */ = {isa = PBXFileReference; fileEncoding = 4; lastKnownFileType = sourcecode.c.h; path = PointMoveByCircleVC.h; sourceTree = "<group>"; };
		389963401F8CC8810044C2D4 /* PointMoveByCircleVC.m */ = {isa = PBXFileReference; fileEncoding = 4; lastKnownFileType = sourcecode.c.objc; path = PointMoveByCircleVC.m; sourceTree = "<group>"; };
		389963431F8CC9E80044C2D4 /* PointMoveByCircleLayer.h */ = {isa = PBXFileReference; fileEncoding = 4; lastKnownFileType = sourcecode.c.h; name = PointMoveByCircleLayer.h; path = pointCircle/PointMoveByCircleLayer.h; sourceTree = "<group>"; };
		389963441F8CC9E80044C2D4 /* PointMoveByCircleLayer.m */ = {isa = PBXFileReference; fileEncoding = 4; lastKnownFileType = sourcecode.c.objc; name = PointMoveByCircleLayer.m; path = pointCircle/PointMoveByCircleLayer.m; sourceTree = "<group>"; };
		6B0365B724C82F6A001CBCEE /* NSNotificatioVC.h */ = {isa = PBXFileReference; lastKnownFileType = sourcecode.c.h; path = NSNotificatioVC.h; sourceTree = "<group>"; };
		6B0365B824C82F6A001CBCEE /* NSNotificatioVC.m */ = {isa = PBXFileReference; lastKnownFileType = sourcecode.c.objc; path = NSNotificatioVC.m; sourceTree = "<group>"; };
		6B037DD320D2072000D03148 /* DrawUtils.h */ = {isa = PBXFileReference; lastKnownFileType = sourcecode.c.h; path = DrawUtils.h; sourceTree = "<group>"; };
		6B037DD420D2072000D03148 /* DrawUtils.m */ = {isa = PBXFileReference; lastKnownFileType = sourcecode.c.objc; path = DrawUtils.m; sourceTree = "<group>"; };
		6B07D51B20C8C13800BBB85B /* HWVC.h */ = {isa = PBXFileReference; lastKnownFileType = sourcecode.c.h; path = HWVC.h; sourceTree = "<group>"; };
		6B07D51C20C8C13800BBB85B /* HWVC.m */ = {isa = PBXFileReference; lastKnownFileType = sourcecode.c.objc; path = HWVC.m; sourceTree = "<group>"; };
		6B07D51E20C8C15B00BBB85B /* HWCircleProgressView.h */ = {isa = PBXFileReference; lastKnownFileType = sourcecode.c.h; path = HWCircleProgressView.h; sourceTree = "<group>"; };
		6B07D51F20C8C15B00BBB85B /* HWCircleProgressView.m */ = {isa = PBXFileReference; lastKnownFileType = sourcecode.c.objc; path = HWCircleProgressView.m; sourceTree = "<group>"; };
		6B0BE99F20D10A1E00640AE9 /* SeekBarVC.h */ = {isa = PBXFileReference; lastKnownFileType = sourcecode.c.h; path = SeekBarVC.h; sourceTree = "<group>"; };
		6B0BE9A020D10A1E00640AE9 /* SeekBarVC.m */ = {isa = PBXFileReference; lastKnownFileType = sourcecode.c.objc; path = SeekBarVC.m; sourceTree = "<group>"; };
		6B0BE9A220D10BCF00640AE9 /* SeekBarView.h */ = {isa = PBXFileReference; lastKnownFileType = sourcecode.c.h; path = SeekBarView.h; sourceTree = "<group>"; };
		6B0BE9A320D10BCF00640AE9 /* SeekBarView.m */ = {isa = PBXFileReference; lastKnownFileType = sourcecode.c.objc; path = SeekBarView.m; sourceTree = "<group>"; };
		6B121F9F2440A04700BD804F /* ArcVC.h */ = {isa = PBXFileReference; lastKnownFileType = sourcecode.c.h; name = ArcVC.h; path = ArcLoadView/ArcVC.h; sourceTree = "<group>"; };
		6B121FA02440A04700BD804F /* ArcVC.m */ = {isa = PBXFileReference; lastKnownFileType = sourcecode.c.objc; name = ArcVC.m; path = ArcLoadView/ArcVC.m; sourceTree = "<group>"; };
		6B121FA22440A1F800BD804F /* ArcLoadView.h */ = {isa = PBXFileReference; lastKnownFileType = sourcecode.c.h; name = ArcLoadView.h; path = ArcLoadView/ArcLoadView.h; sourceTree = "<group>"; };
		6B121FA32440A1F800BD804F /* ArcLoadView.m */ = {isa = PBXFileReference; lastKnownFileType = sourcecode.c.objc; name = ArcLoadView.m; path = ArcLoadView/ArcLoadView.m; sourceTree = "<group>"; };
		6B302E372467B1C9003884CF /* Stack.h */ = {isa = PBXFileReference; lastKnownFileType = sourcecode.c.h; path = Stack.h; sourceTree = "<group>"; };
		6B302E382467B1C9003884CF /* Stack.m */ = {isa = PBXFileReference; lastKnownFileType = sourcecode.c.objc; path = Stack.m; sourceTree = "<group>"; };
		6B302E3A2467BCE7003884CF /* StackGame.h */ = {isa = PBXFileReference; lastKnownFileType = sourcecode.c.h; path = StackGame.h; sourceTree = "<group>"; };
		6B302E3B2467BCE7003884CF /* StackGame.m */ = {isa = PBXFileReference; lastKnownFileType = sourcecode.c.objc; path = StackGame.m; sourceTree = "<group>"; };
		6B302E3D2467BD9A003884CF /* Cell.h */ = {isa = PBXFileReference; lastKnownFileType = sourcecode.c.h; path = Cell.h; sourceTree = "<group>"; };
		6B302E3E2467BD9A003884CF /* Cell.m */ = {isa = PBXFileReference; lastKnownFileType = sourcecode.c.objc; path = Cell.m; sourceTree = "<group>"; };
		6B3625792455730D0099604F /* RectangleIndicatorView.h */ = {isa = PBXFileReference; fileEncoding = 4; lastKnownFileType = sourcecode.c.h; path = RectangleIndicatorView.h; sourceTree = "<group>"; };
		6B36257A2455730D0099604F /* CircleIndicatorView.m */ = {isa = PBXFileReference; fileEncoding = 4; lastKnownFileType = sourcecode.c.objc; path = CircleIndicatorView.m; sourceTree = "<group>"; };
		6B36257B2455730D0099604F /* RectangleIndicatorView.m */ = {isa = PBXFileReference; fileEncoding = 4; lastKnownFileType = sourcecode.c.objc; path = RectangleIndicatorView.m; sourceTree = "<group>"; };
		6B36257C2455730D0099604F /* CircleIndicatorView.h */ = {isa = PBXFileReference; fileEncoding = 4; lastKnownFileType = sourcecode.c.h; path = CircleIndicatorView.h; sourceTree = "<group>"; };
		6B362580245574730099604F /* ArcIndicatorVC.h */ = {isa = PBXFileReference; lastKnownFileType = sourcecode.c.h; path = ArcIndicatorVC.h; sourceTree = "<group>"; };
		6B362581245574730099604F /* ArcIndicatorVC.m */ = {isa = PBXFileReference; lastKnownFileType = sourcecode.c.objc; path = ArcIndicatorVC.m; sourceTree = "<group>"; };
		6B3E5BD420C7DB15002CB0D9 /* Default-568h@2x.png */ = {isa = PBXFileReference; lastKnownFileType = image.png; path = "Default-568h@2x.png"; sourceTree = "<group>"; };
		6B440B7C24B06626009FD3DD /* RuntimeVC.h */ = {isa = PBXFileReference; lastKnownFileType = sourcecode.c.h; path = RuntimeVC.h; sourceTree = "<group>"; };
		6B440B7D24B06626009FD3DD /* RuntimeVC.m */ = {isa = PBXFileReference; lastKnownFileType = sourcecode.c.objc; path = RuntimeVC.m; sourceTree = "<group>"; };
		6B440B7F24B0679C009FD3DD /* NSArray+CrashHandle.h */ = {isa = PBXFileReference; lastKnownFileType = sourcecode.c.h; path = "NSArray+CrashHandle.h"; sourceTree = "<group>"; };
		6B440B8024B0679C009FD3DD /* NSArray+CrashHandle.m */ = {isa = PBXFileReference; lastKnownFileType = sourcecode.c.objc; path = "NSArray+CrashHandle.m"; sourceTree = "<group>"; };
		6B4432752462E4830014E255 /* RunloopVC.h */ = {isa = PBXFileReference; lastKnownFileType = sourcecode.c.h; path = RunloopVC.h; sourceTree = "<group>"; };
		6B4432762462E4830014E255 /* RunloopVC.m */ = {isa = PBXFileReference; lastKnownFileType = sourcecode.c.objc; path = RunloopVC.m; sourceTree = "<group>"; };
		6B4432792463A7360014E255 /* DataStructVC.h */ = {isa = PBXFileReference; lastKnownFileType = sourcecode.c.h; path = DataStructVC.h; sourceTree = "<group>"; };
		6B44327A2463A7360014E255 /* DataStructVC.m */ = {isa = PBXFileReference; lastKnownFileType = sourcecode.c.objc; path = DataStructVC.m; sourceTree = "<group>"; };
		6B44327C2463AA5A0014E255 /* LinkedList.h */ = {isa = PBXFileReference; lastKnownFileType = sourcecode.c.h; path = LinkedList.h; sourceTree = "<group>"; };
		6B44327D2463AA5A0014E255 /* LinkedList.m */ = {isa = PBXFileReference; lastKnownFileType = sourcecode.c.objc; path = LinkedList.m; sourceTree = "<group>"; };
		6B44328324657B7C0014E255 /* QueueArray.h */ = {isa = PBXFileReference; lastKnownFileType = sourcecode.c.h; path = QueueArray.h; sourceTree = "<group>"; };
		6B44328424657B7C0014E255 /* QueueArray.m */ = {isa = PBXFileReference; lastKnownFileType = sourcecode.c.objc; path = QueueArray.m; sourceTree = "<group>"; };
		6B44328624664C150014E255 /* QueueLinkedList.h */ = {isa = PBXFileReference; lastKnownFileType = sourcecode.c.h; path = QueueLinkedList.h; sourceTree = "<group>"; };
		6B44328724664C150014E255 /* QueueLinkedList.m */ = {isa = PBXFileReference; lastKnownFileType = sourcecode.c.objc; path = QueueLinkedList.m; sourceTree = "<group>"; };
		6B5F09FF247B6AE70070EAD2 /* AbcKeyBoardView.h */ = {isa = PBXFileReference; lastKnownFileType = sourcecode.c.h; path = AbcKeyBoardView.h; sourceTree = "<group>"; };
		6B5F0A00247B6AE70070EAD2 /* AbcKeyBoardView.m */ = {isa = PBXFileReference; lastKnownFileType = sourcecode.c.objc; path = AbcKeyBoardView.m; sourceTree = "<group>"; };
		6B5F0A02247B7A9C0070EAD2 /* KeyboardBaseView.h */ = {isa = PBXFileReference; lastKnownFileType = sourcecode.c.h; path = KeyboardBaseView.h; sourceTree = "<group>"; };
		6B5F0A03247B7A9C0070EAD2 /* KeyboardBaseView.m */ = {isa = PBXFileReference; lastKnownFileType = sourcecode.c.objc; path = KeyboardBaseView.m; sourceTree = "<group>"; };
		6B5F0A08247BB5D90070EAD2 /* KeyboardMgr.h */ = {isa = PBXFileReference; lastKnownFileType = sourcecode.c.h; path = KeyboardMgr.h; sourceTree = "<group>"; };
		6B5F0A09247BB5D90070EAD2 /* KeyboardMgr.m */ = {isa = PBXFileReference; lastKnownFileType = sourcecode.c.objc; path = KeyboardMgr.m; sourceTree = "<group>"; };
		6B5F0A0D247BC0420070EAD2 /* GTMBase64.h */ = {isa = PBXFileReference; lastKnownFileType = sourcecode.c.h; path = GTMBase64.h; sourceTree = "<group>"; };
		6B5F0A0E247BC0420070EAD2 /* GTMBase64.m */ = {isa = PBXFileReference; lastKnownFileType = sourcecode.c.objc; path = GTMBase64.m; sourceTree = "<group>"; };
		6B5F0A10247BC0850070EAD2 /* GTMDefines.h */ = {isa = PBXFileReference; lastKnownFileType = sourcecode.c.h; path = GTMDefines.h; sourceTree = "<group>"; };
		6B5F0A19247BC3110070EAD2 /* NSString+Des3.h */ = {isa = PBXFileReference; lastKnownFileType = sourcecode.c.h; path = "NSString+Des3.h"; sourceTree = "<group>"; };
		6B5F0A1A247BC3110070EAD2 /* NSString+Des3.m */ = {isa = PBXFileReference; lastKnownFileType = sourcecode.c.objc; path = "NSString+Des3.m"; sourceTree = "<group>"; };
		6B6B6906247666010039D88E /* UIView+Resize.h */ = {isa = PBXFileReference; lastKnownFileType = sourcecode.c.h; path = "UIView+Resize.h"; sourceTree = "<group>"; };
		6B6B6907247666010039D88E /* UIView+Resize.m */ = {isa = PBXFileReference; lastKnownFileType = sourcecode.c.objc; path = "UIView+Resize.m"; sourceTree = "<group>"; };
		6B6B690924766A8F0039D88E /* ScrollLabel.h */ = {isa = PBXFileReference; lastKnownFileType = sourcecode.c.h; path = ScrollLabel.h; sourceTree = "<group>"; };
		6B6B690A24766A8F0039D88E /* ScrollLabel.m */ = {isa = PBXFileReference; lastKnownFileType = sourcecode.c.objc; path = ScrollLabel.m; sourceTree = "<group>"; };
		6B726B2724582BAD00F0840A /* StickScrollVC.h */ = {isa = PBXFileReference; lastKnownFileType = sourcecode.c.h; path = StickScrollVC.h; sourceTree = "<group>"; };
		6B726B2824582BAD00F0840A /* StickScrollVC.m */ = {isa = PBXFileReference; lastKnownFileType = sourcecode.c.objc; path = StickScrollVC.m; sourceTree = "<group>"; };
		6B726B2A24582C2E00F0840A /* CollectionViewLayout.h */ = {isa = PBXFileReference; lastKnownFileType = sourcecode.c.h; path = CollectionViewLayout.h; sourceTree = "<group>"; };
		6B726B2B24582C2E00F0840A /* CollectionViewLayout.m */ = {isa = PBXFileReference; lastKnownFileType = sourcecode.c.objc; path = CollectionViewLayout.m; sourceTree = "<group>"; };
		6B726B2D24582D1E00F0840A /* ItemView.h */ = {isa = PBXFileReference; lastKnownFileType = sourcecode.c.h; path = ItemView.h; sourceTree = "<group>"; };
		6B726B2E24582D1E00F0840A /* ItemView.m */ = {isa = PBXFileReference; lastKnownFileType = sourcecode.c.objc; path = ItemView.m; sourceTree = "<group>"; };
		6B726B302458329D00F0840A /* MicroTool.h */ = {isa = PBXFileReference; lastKnownFileType = sourcecode.c.h; path = MicroTool.h; sourceTree = "<group>"; };
		6B726B312458337300F0840A /* UIScrollView+LXBScrollView.h */ = {isa = PBXFileReference; lastKnownFileType = sourcecode.c.h; path = "UIScrollView+LXBScrollView.h"; sourceTree = "<group>"; };
		6B726B322458337300F0840A /* UIScrollView+LXBScrollView.m */ = {isa = PBXFileReference; lastKnownFileType = sourcecode.c.objc; path = "UIScrollView+LXBScrollView.m"; sourceTree = "<group>"; };
		6B726B34245835A000F0840A /* ScrollNavBar.h */ = {isa = PBXFileReference; lastKnownFileType = sourcecode.c.h; path = ScrollNavBar.h; sourceTree = "<group>"; };
		6B726B35245835A000F0840A /* ScrollNavBar.m */ = {isa = PBXFileReference; lastKnownFileType = sourcecode.c.objc; path = ScrollNavBar.m; sourceTree = "<group>"; };
		6B726B3724583A5D00F0840A /* UIView+LXB.h */ = {isa = PBXFileReference; lastKnownFileType = sourcecode.c.h; path = "UIView+LXB.h"; sourceTree = "<group>"; };
		6B726B3824583A5D00F0840A /* UIView+LXB.m */ = {isa = PBXFileReference; lastKnownFileType = sourcecode.c.objc; path = "UIView+LXB.m"; sourceTree = "<group>"; };
		6B73FDE62473F7F900145FA8 /* SubStack.h */ = {isa = PBXFileReference; lastKnownFileType = sourcecode.c.h; path = SubStack.h; sourceTree = "<group>"; };
		6B73FDE72473F7F900145FA8 /* SubStack.m */ = {isa = PBXFileReference; lastKnownFileType = sourcecode.c.objc; path = SubStack.m; sourceTree = "<group>"; };
		6BA0E5012477737100E13B97 /* KeyboardVC.h */ = {isa = PBXFileReference; lastKnownFileType = sourcecode.c.h; path = KeyboardVC.h; sourceTree = "<group>"; };
		6BA0E5022477737100E13B97 /* KeyboardVC.m */ = {isa = PBXFileReference; lastKnownFileType = sourcecode.c.objc; path = KeyboardVC.m; sourceTree = "<group>"; };
		6BA0E504247773AF00E13B97 /* KeyboardView.h */ = {isa = PBXFileReference; lastKnownFileType = sourcecode.c.h; path = KeyboardView.h; sourceTree = "<group>"; };
		6BA0E505247773AF00E13B97 /* KeyboardView.m */ = {isa = PBXFileReference; lastKnownFileType = sourcecode.c.objc; path = KeyboardView.m; sourceTree = "<group>"; };
		6BAAB40E24BB478200F7B67C /* KVCKVOVC.h */ = {isa = PBXFileReference; lastKnownFileType = sourcecode.c.h; path = KVCKVOVC.h; sourceTree = "<group>"; };
		6BAAB40F24BB478200F7B67C /* KVCKVOVC.m */ = {isa = PBXFileReference; lastKnownFileType = sourcecode.c.objc; path = KVCKVOVC.m; sourceTree = "<group>"; };
		6BAAB41224BB499C00F7B67C /* Man.h */ = {isa = PBXFileReference; lastKnownFileType = sourcecode.c.h; path = Man.h; sourceTree = "<group>"; };
		6BAAB41324BB499C00F7B67C /* Man.m */ = {isa = PBXFileReference; lastKnownFileType = sourcecode.c.objc; path = Man.m; sourceTree = "<group>"; };
		6BCF9A61244F194B0036E8B4 /* HWPanModalPresentationUpdateProtocol.h */ = {isa = PBXFileReference; fileEncoding = 4; lastKnownFileType = sourcecode.c.h; path = HWPanModalPresentationUpdateProtocol.h; sourceTree = "<group>"; };
		6BCF9A62244F194B0036E8B4 /* HWPanModalPresentable.h */ = {isa = PBXFileReference; fileEncoding = 4; lastKnownFileType = sourcecode.c.h; path = HWPanModalPresentable.h; sourceTree = "<group>"; };
		6BCF9A63244F194B0036E8B4 /* HWPanModalIndicatorProtocol.h */ = {isa = PBXFileReference; fileEncoding = 4; lastKnownFileType = sourcecode.c.h; path = HWPanModalIndicatorProtocol.h; sourceTree = "<group>"; };
		6BCF9A64244F194B0036E8B4 /* HWPanModalContainerView.m */ = {isa = PBXFileReference; fileEncoding = 4; lastKnownFileType = sourcecode.c.objc; path = HWPanModalContainerView.m; sourceTree = "<group>"; };
		6BCF9A65244F194B0036E8B4 /* HWPanIndicatorView.h */ = {isa = PBXFileReference; fileEncoding = 4; lastKnownFileType = sourcecode.c.h; path = HWPanIndicatorView.h; sourceTree = "<group>"; };
		6BCF9A66244F194B0036E8B4 /* HWPanModalPresentationDelegate.m */ = {isa = PBXFileReference; fileEncoding = 4; lastKnownFileType = sourcecode.c.objc; path = HWPanModalPresentationDelegate.m; sourceTree = "<group>"; };
		6BCF9A67244F194B0036E8B4 /* HWDimmedView.m */ = {isa = PBXFileReference; fileEncoding = 4; lastKnownFileType = sourcecode.c.objc; path = HWDimmedView.m; sourceTree = "<group>"; };
		6BCF9A69244F194B0036E8B4 /* UIViewController+LayoutHelper.m */ = {isa = PBXFileReference; fileEncoding = 4; lastKnownFileType = sourcecode.c.objc; path = "UIViewController+LayoutHelper.m"; sourceTree = "<group>"; };
		6BCF9A6A244F194B0036E8B4 /* UIScrollView+Helper.m */ = {isa = PBXFileReference; fileEncoding = 4; lastKnownFileType = sourcecode.c.objc; path = "UIScrollView+Helper.m"; sourceTree = "<group>"; };
		6BCF9A6B244F194B0036E8B4 /* UIViewController+PanModalDefault.m */ = {isa = PBXFileReference; fileEncoding = 4; lastKnownFileType = sourcecode.c.objc; path = "UIViewController+PanModalDefault.m"; sourceTree = "<group>"; };
		6BCF9A6C244F194B0036E8B4 /* UIView+HW_Frame.h */ = {isa = PBXFileReference; fileEncoding = 4; lastKnownFileType = sourcecode.c.h; path = "UIView+HW_Frame.h"; sourceTree = "<group>"; };
		6BCF9A6D244F194B0036E8B4 /* UIViewController+LayoutHelper.h */ = {isa = PBXFileReference; fileEncoding = 4; lastKnownFileType = sourcecode.c.h; path = "UIViewController+LayoutHelper.h"; sourceTree = "<group>"; };
		6BCF9A6E244F194B0036E8B4 /* UIView+HW_Frame.m */ = {isa = PBXFileReference; fileEncoding = 4; lastKnownFileType = sourcecode.c.objc; path = "UIView+HW_Frame.m"; sourceTree = "<group>"; };
		6BCF9A6F244F194B0036E8B4 /* UIViewController+PanModalDefault.h */ = {isa = PBXFileReference; fileEncoding = 4; lastKnownFileType = sourcecode.c.h; path = "UIViewController+PanModalDefault.h"; sourceTree = "<group>"; };
		6BCF9A70244F194B0036E8B4 /* UIScrollView+Helper.h */ = {isa = PBXFileReference; fileEncoding = 4; lastKnownFileType = sourcecode.c.h; path = "UIScrollView+Helper.h"; sourceTree = "<group>"; };
		6BCF9A71244F194B0036E8B4 /* HWPanContainerView.h */ = {isa = PBXFileReference; fileEncoding = 4; lastKnownFileType = sourcecode.c.h; path = HWPanContainerView.h; sourceTree = "<group>"; };
		6BCF9A72244F194B0036E8B4 /* HWVisualEffectView.m */ = {isa = PBXFileReference; fileEncoding = 4; lastKnownFileType = sourcecode.c.objc; path = HWVisualEffectView.m; sourceTree = "<group>"; };
		6BCF9A73244F194B0036E8B4 /* HWPanModalPresentableHandler.m */ = {isa = PBXFileReference; fileEncoding = 4; lastKnownFileType = sourcecode.c.objc; path = HWPanModalPresentableHandler.m; sourceTree = "<group>"; };
		6BCF9A74244F194B0036E8B4 /* HWBaseViewController.m */ = {isa = PBXFileReference; fileEncoding = 4; lastKnownFileType = sourcecode.c.objc; path = HWBaseViewController.m; sourceTree = "<group>"; };
		6BCF9A75244F194B0036E8B4 /* KeyValueObserver.h */ = {isa = PBXFileReference; fileEncoding = 4; lastKnownFileType = sourcecode.c.h; path = KeyValueObserver.h; sourceTree = "<group>"; };
		6BCF9A76244F194B0036E8B4 /* HWShoppingCartPresentingAnimation.m */ = {isa = PBXFileReference; fileEncoding = 4; lastKnownFileType = sourcecode.c.objc; path = HWShoppingCartPresentingAnimation.m; sourceTree = "<group>"; };
		6BCF9A78244F194B0036E8B4 /* HWPanModalInteractiveAnimator.m */ = {isa = PBXFileReference; fileEncoding = 4; lastKnownFileType = sourcecode.c.objc; path = HWPanModalInteractiveAnimator.m; sourceTree = "<group>"; };
		6BCF9A79244F194B0036E8B4 /* HWPageSheetPresentingAnimation.m */ = {isa = PBXFileReference; fileEncoding = 4; lastKnownFileType = sourcecode.c.objc; path = HWPageSheetPresentingAnimation.m; sourceTree = "<group>"; };
		6BCF9A7A244F194B0036E8B4 /* HWPresentingVCAnimatedTransitioning.h */ = {isa = PBXFileReference; fileEncoding = 4; lastKnownFileType = sourcecode.c.h; path = HWPresentingVCAnimatedTransitioning.h; sourceTree = "<group>"; };
		6BCF9A7B244F194B0036E8B4 /* HWPanModalAnimator.m */ = {isa = PBXFileReference; fileEncoding = 4; lastKnownFileType = sourcecode.c.objc; path = HWPanModalAnimator.m; sourceTree = "<group>"; };
		6BCF9A7C244F194B0036E8B4 /* HWPanModalPresentationAnimator.h */ = {isa = PBXFileReference; fileEncoding = 4; lastKnownFileType = sourcecode.c.h; path = HWPanModalPresentationAnimator.h; sourceTree = "<group>"; };
		6BCF9A7D244F194B0036E8B4 /* HWPanModalInteractiveAnimator.h */ = {isa = PBXFileReference; fileEncoding = 4; lastKnownFileType = sourcecode.c.h; path = HWPanModalInteractiveAnimator.h; sourceTree = "<group>"; };
		6BCF9A7E244F194B0036E8B4 /* HWPageSheetPresentingAnimation.h */ = {isa = PBXFileReference; fileEncoding = 4; lastKnownFileType = sourcecode.c.h; path = HWPageSheetPresentingAnimation.h; sourceTree = "<group>"; };
		6BCF9A7F244F194B0036E8B4 /* HWPanModalPresentationAnimator.m */ = {isa = PBXFileReference; fileEncoding = 4; lastKnownFileType = sourcecode.c.objc; path = HWPanModalPresentationAnimator.m; sourceTree = "<group>"; };
		6BCF9A80244F194B0036E8B4 /* HWPanModalAnimator.h */ = {isa = PBXFileReference; fileEncoding = 4; lastKnownFileType = sourcecode.c.h; path = HWPanModalAnimator.h; sourceTree = "<group>"; };
		6BCF9A81244F194B0036E8B4 /* HWPanModalContentView.h */ = {isa = PBXFileReference; fileEncoding = 4; lastKnownFileType = sourcecode.c.h; path = HWPanModalContentView.h; sourceTree = "<group>"; };
		6BCF9A82244F194B0036E8B4 /* HWPanModalPresentationController.h */ = {isa = PBXFileReference; fileEncoding = 4; lastKnownFileType = sourcecode.c.h; path = HWPanModalPresentationController.h; sourceTree = "<group>"; };
		6BCF9A83244F194B0036E8B4 /* UIViewController+PanModalPresenter.m */ = {isa = PBXFileReference; fileEncoding = 4; lastKnownFileType = sourcecode.c.objc; path = "UIViewController+PanModalPresenter.m"; sourceTree = "<group>"; };
		6BCF9A84244F194B0036E8B4 /* HWPanModalContainerView.h */ = {isa = PBXFileReference; fileEncoding = 4; lastKnownFileType = sourcecode.c.h; path = HWPanModalContainerView.h; sourceTree = "<group>"; };
		6BCF9A85244F194B0036E8B4 /* HWPanContainerView.m */ = {isa = PBXFileReference; fileEncoding = 4; lastKnownFileType = sourcecode.c.objc; path = HWPanContainerView.m; sourceTree = "<group>"; };
		6BCF9A86244F194B0036E8B4 /* HWDimmedView.h */ = {isa = PBXFileReference; fileEncoding = 4; lastKnownFileType = sourcecode.c.h; path = HWDimmedView.h; sourceTree = "<group>"; };
		6BCF9A87244F194B0036E8B4 /* HWPanModalHeight.h */ = {isa = PBXFileReference; fileEncoding = 4; lastKnownFileType = sourcecode.c.h; path = HWPanModalHeight.h; sourceTree = "<group>"; };
		6BCF9A88244F194B0036E8B4 /* HWPanModalPresentationDelegate.h */ = {isa = PBXFileReference; fileEncoding = 4; lastKnownFileType = sourcecode.c.h; path = HWPanModalPresentationDelegate.h; sourceTree = "<group>"; };
		6BCF9A89244F194B0036E8B4 /* HWPanIndicatorView.m */ = {isa = PBXFileReference; fileEncoding = 4; lastKnownFileType = sourcecode.c.objc; path = HWPanIndicatorView.m; sourceTree = "<group>"; };
		6BCF9A8A244F194B0036E8B4 /* HWBaseViewController.h */ = {isa = PBXFileReference; fileEncoding = 4; lastKnownFileType = sourcecode.c.h; path = HWBaseViewController.h; sourceTree = "<group>"; };
		6BCF9A8B244F194B0036E8B4 /* HWPanModalPresentableHandler.h */ = {isa = PBXFileReference; fileEncoding = 4; lastKnownFileType = sourcecode.c.h; path = HWPanModalPresentableHandler.h; sourceTree = "<group>"; };
		6BCF9A8C244F194B0036E8B4 /* HWPanModalPresenterProtocol.h */ = {isa = PBXFileReference; fileEncoding = 4; lastKnownFileType = sourcecode.c.h; path = HWPanModalPresenterProtocol.h; sourceTree = "<group>"; };
		6BCF9A8D244F194B0036E8B4 /* HWVisualEffectView.h */ = {isa = PBXFileReference; fileEncoding = 4; lastKnownFileType = sourcecode.c.h; path = HWVisualEffectView.h; sourceTree = "<group>"; };
		6BCF9A8E244F194B0036E8B4 /* HWPanModalContentView.m */ = {isa = PBXFileReference; fileEncoding = 4; lastKnownFileType = sourcecode.c.objc; path = HWPanModalContentView.m; sourceTree = "<group>"; };
		6BCF9A8F244F194B0036E8B4 /* HWPanModalPresentationController.m */ = {isa = PBXFileReference; fileEncoding = 4; lastKnownFileType = sourcecode.c.objc; path = HWPanModalPresentationController.m; sourceTree = "<group>"; };
		6BCF9A90244F194B0036E8B4 /* UIViewController+PanModalPresenter.h */ = {isa = PBXFileReference; fileEncoding = 4; lastKnownFileType = sourcecode.c.h; path = "UIViewController+PanModalPresenter.h"; sourceTree = "<group>"; };
		6BCF9A91244F194B0036E8B4 /* HWShoppingCartPresentingAnimation.h */ = {isa = PBXFileReference; fileEncoding = 4; lastKnownFileType = sourcecode.c.h; path = HWShoppingCartPresentingAnimation.h; sourceTree = "<group>"; };
		6BCF9A92244F194B0036E8B4 /* KeyValueObserver.m */ = {isa = PBXFileReference; fileEncoding = 4; lastKnownFileType = sourcecode.c.objc; path = KeyValueObserver.m; sourceTree = "<group>"; };
		6BE65B932468F87B005861C2 /* DelimiterMatch.h */ = {isa = PBXFileReference; lastKnownFileType = sourcecode.c.h; path = DelimiterMatch.h; sourceTree = "<group>"; };
		6BE65B942468F87B005861C2 /* DelimiterMatch.m */ = {isa = PBXFileReference; lastKnownFileType = sourcecode.c.objc; path = DelimiterMatch.m; sourceTree = "<group>"; };
		6BE65B9724693209005861C2 /* AddLargeNumber.h */ = {isa = PBXFileReference; lastKnownFileType = sourcecode.c.h; path = AddLargeNumber.h; sourceTree = "<group>"; };
		6BE65B9824693209005861C2 /* AddLargeNumber.m */ = {isa = PBXFileReference; lastKnownFileType = sourcecode.c.objc; path = AddLargeNumber.m; sourceTree = "<group>"; };
		6BE65B9B2469508D005861C2 /* HexTranseMgr.h */ = {isa = PBXFileReference; lastKnownFileType = sourcecode.c.h; path = HexTranseMgr.h; sourceTree = "<group>"; };
		6BE65B9C2469508D005861C2 /* HexTranseMgr.m */ = {isa = PBXFileReference; lastKnownFileType = sourcecode.c.objc; path = HexTranseMgr.m; sourceTree = "<group>"; };
		6BE65B9F246A4C4A005861C2 /* TreeVC.h */ = {isa = PBXFileReference; lastKnownFileType = sourcecode.c.h; path = TreeVC.h; sourceTree = "<group>"; };
		6BE65BA0246A4C4A005861C2 /* TreeVC.m */ = {isa = PBXFileReference; lastKnownFileType = sourcecode.c.objc; path = TreeVC.m; sourceTree = "<group>"; };
		6BE65BA2246A4D00005861C2 /* TreeNode.h */ = {isa = PBXFileReference; lastKnownFileType = sourcecode.c.h; path = TreeNode.h; sourceTree = "<group>"; };
		6BE65BA3246A4D00005861C2 /* TreeNode.m */ = {isa = PBXFileReference; lastKnownFileType = sourcecode.c.objc; path = TreeNode.m; sourceTree = "<group>"; };
		6BE65BA5246A5118005861C2 /* BinaryTree.h */ = {isa = PBXFileReference; lastKnownFileType = sourcecode.c.h; path = BinaryTree.h; sourceTree = "<group>"; };
		6BE65BA6246A5118005861C2 /* BinaryTree.m */ = {isa = PBXFileReference; lastKnownFileType = sourcecode.c.objc; path = BinaryTree.m; sourceTree = "<group>"; };
		6BE65BA9246D2488005861C2 /* SortVC.h */ = {isa = PBXFileReference; lastKnownFileType = sourcecode.c.h; path = SortVC.h; sourceTree = "<group>"; };
		6BE65BAA246D2488005861C2 /* SortVC.m */ = {isa = PBXFileReference; lastKnownFileType = sourcecode.c.objc; path = SortVC.m; sourceTree = "<group>"; };
		6BF56D1324B460160030AB7A /* Father.h */ = {isa = PBXFileReference; lastKnownFileType = sourcecode.c.h; path = Father.h; sourceTree = "<group>"; };
		6BF56D1424B460160030AB7A /* Father.m */ = {isa = PBXFileReference; lastKnownFileType = sourcecode.c.objc; path = Father.m; sourceTree = "<group>"; };
		6BF56D1624B460490030AB7A /* Son.h */ = {isa = PBXFileReference; lastKnownFileType = sourcecode.c.h; path = Son.h; sourceTree = "<group>"; };
		6BF56D1724B460490030AB7A /* Son.m */ = {isa = PBXFileReference; lastKnownFileType = sourcecode.c.objc; path = Son.m; sourceTree = "<group>"; };
		6BF56D1924B460A70030AB7A /* Son+Swizzle.h */ = {isa = PBXFileReference; lastKnownFileType = sourcecode.c.h; path = "Son+Swizzle.h"; sourceTree = "<group>"; };
		6BF56D1A24B460A70030AB7A /* Son+Swizzle.m */ = {isa = PBXFileReference; lastKnownFileType = sourcecode.c.objc; path = "Son+Swizzle.m"; sourceTree = "<group>"; };
		6BFDFDF52486259700AFAE93 /* CopyVC.h */ = {isa = PBXFileReference; lastKnownFileType = sourcecode.c.h; path = CopyVC.h; sourceTree = "<group>"; };
		6BFDFDF62486259700AFAE93 /* CopyVC.m */ = {isa = PBXFileReference; lastKnownFileType = sourcecode.c.objc; path = CopyVC.m; sourceTree = "<group>"; };
		6BFE85012487BA0F00C557E6 /* GuideVC.h */ = {isa = PBXFileReference; lastKnownFileType = sourcecode.c.h; path = GuideVC.h; sourceTree = "<group>"; };
		6BFE85022487BA0F00C557E6 /* GuideVC.m */ = {isa = PBXFileReference; lastKnownFileType = sourcecode.c.objc; path = GuideVC.m; sourceTree = "<group>"; };
/* End PBXFileReference section */

/* Begin PBXFrameworksBuildPhase section */
		382EA6FD1F7367470052BE27 /* Frameworks */ = {
			isa = PBXFrameworksBuildPhase;
			buildActionMask = 2147483647;
			files = (
			);
			runOnlyForDeploymentPostprocessing = 0;
		};
		382EA7161F7367470052BE27 /* Frameworks */ = {
			isa = PBXFrameworksBuildPhase;
			buildActionMask = 2147483647;
			files = (
			);
			runOnlyForDeploymentPostprocessing = 0;
		};
		382EA7211F7367470052BE27 /* Frameworks */ = {
			isa = PBXFrameworksBuildPhase;
			buildActionMask = 2147483647;
			files = (
			);
			runOnlyForDeploymentPostprocessing = 0;
		};
/* End PBXFrameworksBuildPhase section */

/* Begin PBXGroup section */
		38250EE41F74DBEF008B86A2 /* BezierPath_View */ = {
			isa = PBXGroup;
			children = (
				38250EE51F74DC3C008B86A2 /* ShapeLayer_BezierParh.h */,
				38250EE61F74DC3C008B86A2 /* ShapeLayer_BezierParh.m */,
			);
			name = BezierPath_View;
			sourceTree = "<group>";
		};
		382EA6F71F7367470052BE27 = {
			isa = PBXGroup;
			children = (
				6B3E5BD420C7DB15002CB0D9 /* Default-568h@2x.png */,
				382EA7021F7367470052BE27 /* BZCustomView */,
				382EA71C1F7367470052BE27 /* BZCustomViewTests */,
				382EA7271F7367470052BE27 /* BZCustomViewUITests */,
				382EA7011F7367470052BE27 /* Products */,
			);
			sourceTree = "<group>";
		};
		382EA7011F7367470052BE27 /* Products */ = {
			isa = PBXGroup;
			children = (
				382EA7001F7367470052BE27 /* BZCustomView.app */,
				382EA7191F7367470052BE27 /* BZCustomViewTests.xctest */,
				382EA7241F7367470052BE27 /* BZCustomViewUITests.xctest */,
			);
			name = Products;
			sourceTree = "<group>";
		};
		382EA7021F7367470052BE27 /* BZCustomView */ = {
			isa = PBXGroup;
			children = (
				6B0365B624C82F4D001CBCEE /* NSNotification */,
				6B440B7B24B065FA009FD3DD /* runtime */,
				6BFE85002487B9BA00C557E6 /* guide */,
				6BFDFDF42486257400AFAE93 /* copy */,
				6B5F0A0C247BC0110070EAD2 /* threeDes */,
				6BA0E5002477734D00E13B97 /* keyboard */,
				6B4432782463A71A0014E255 /* dataStruct */,
				6B4432742462E4650014E255 /* runloop */,
				6B726B262458244100F0840A /* stickHead */,
				6B362578245572E50099604F /* ArcIndicator */,
				6BCF9A5F244F194B0036E8B4 /* UIPresentationController */,
				6B121F9E2440A00F00BD804F /* ArcLoadView */,
				6B037DD620D2072900D03148 /* utils */,
				6B0BE99E20D109CC00640AE9 /* seekBar */,
				6B07D51A20C8C11500BBB85B /* hwprogress */,
				387F80901F8DA43A00C0DB10 /* movelabel */,
				389963421F8CC94D0044C2D4 /* pointCircle */,
				38250EE41F74DBEF008B86A2 /* BezierPath_View */,
				382EA73D1F73AA150052BE27 /* layer */,
				382EA7361F7367500052BE27 /* view */,
				382EA7061F7367470052BE27 /* AppDelegate.h */,
				382EA7071F7367470052BE27 /* AppDelegate.m */,
				382EA7091F7367470052BE27 /* ViewController.h */,
				382EA70A1F7367470052BE27 /* ViewController.m */,
				382EA70C1F7367470052BE27 /* Main.storyboard */,
				382EA70F1F7367470052BE27 /* Assets.xcassets */,
				382EA7111F7367470052BE27 /* LaunchScreen.storyboard */,
				382EA7141F7367470052BE27 /* Info.plist */,
				382EA7031F7367470052BE27 /* Supporting Files */,
				38149A681F749EF5004A8938 /* OppoVC.h */,
				38149A691F749EF5004A8938 /* OppoVC.m */,
				6B726B302458329D00F0840A /* MicroTool.h */,
			);
			path = BZCustomView;
			sourceTree = "<group>";
		};
		382EA7031F7367470052BE27 /* Supporting Files */ = {
			isa = PBXGroup;
			children = (
				382EA7041F7367470052BE27 /* main.m */,
			);
			name = "Supporting Files";
			sourceTree = "<group>";
		};
		382EA71C1F7367470052BE27 /* BZCustomViewTests */ = {
			isa = PBXGroup;
			children = (
				382EA71D1F7367470052BE27 /* BZCustomViewTests.m */,
				382EA71F1F7367470052BE27 /* Info.plist */,
			);
			path = BZCustomViewTests;
			sourceTree = "<group>";
		};
		382EA7271F7367470052BE27 /* BZCustomViewUITests */ = {
			isa = PBXGroup;
			children = (
				382EA7281F7367470052BE27 /* BZCustomViewUITests.m */,
				382EA72A1F7367470052BE27 /* Info.plist */,
			);
			path = BZCustomViewUITests;
			sourceTree = "<group>";
		};
		382EA7361F7367500052BE27 /* view */ = {
			isa = PBXGroup;
			children = (
				382EA7371F7369C50052BE27 /* TestDrawRect.h */,
				382EA7381F7369C50052BE27 /* TestDrawRect.m */,
				382EA73A1F7394430052BE27 /* LayerDraw.h */,
				382EA73B1F7394430052BE27 /* LayerDraw.m */,
				6B6B6906247666010039D88E /* UIView+Resize.h */,
				6B6B6907247666010039D88E /* UIView+Resize.m */,
			);
			name = view;
			sourceTree = "<group>";
		};
		382EA73D1F73AA150052BE27 /* layer */ = {
			isa = PBXGroup;
			children = (
				382EA73E1F73AA390052BE27 /* LayerLoadingAnim.h */,
				382EA73F1F73AA390052BE27 /* LayerLoadingAnim.m */,
				38149A651F749D3C004A8938 /* CircleLayer.h */,
				38149A661F749D3C004A8938 /* CircleLayer.m */,
			);
			name = layer;
			sourceTree = "<group>";
		};
		387F80901F8DA43A00C0DB10 /* movelabel */ = {
			isa = PBXGroup;
			children = (
				6B6B6903247634CC0039D88E /* widgt */,
				387F80911F8DA47200C0DB10 /* MoveLabelVC.h */,
				387F80921F8DA47200C0DB10 /* MoveLabelVC.m */,
			);
			name = movelabel;
			sourceTree = "<group>";
		};
		389963421F8CC94D0044C2D4 /* pointCircle */ = {
			isa = PBXGroup;
			children = (
				3899633F1F8CC8810044C2D4 /* PointMoveByCircleVC.h */,
				389963401F8CC8810044C2D4 /* PointMoveByCircleVC.m */,
				389963431F8CC9E80044C2D4 /* PointMoveByCircleLayer.h */,
				389963441F8CC9E80044C2D4 /* PointMoveByCircleLayer.m */,
			);
			name = pointCircle;
			sourceTree = "<group>";
		};
		6B0365B624C82F4D001CBCEE /* NSNotification */ = {
			isa = PBXGroup;
			children = (
				6B0365B724C82F6A001CBCEE /* NSNotificatioVC.h */,
				6B0365B824C82F6A001CBCEE /* NSNotificatioVC.m */,
			);
			path = NSNotification;
			sourceTree = "<group>";
		};
		6B037DD620D2072900D03148 /* utils */ = {
			isa = PBXGroup;
			children = (
				6B037DD320D2072000D03148 /* DrawUtils.h */,
				6B037DD420D2072000D03148 /* DrawUtils.m */,
			);
			path = utils;
			sourceTree = "<group>";
		};
		6B07D51A20C8C11500BBB85B /* hwprogress */ = {
			isa = PBXGroup;
			children = (
				6B07D51B20C8C13800BBB85B /* HWVC.h */,
				6B07D51C20C8C13800BBB85B /* HWVC.m */,
				6B07D51E20C8C15B00BBB85B /* HWCircleProgressView.h */,
				6B07D51F20C8C15B00BBB85B /* HWCircleProgressView.m */,
			);
			name = hwprogress;
			sourceTree = "<group>";
		};
		6B0BE99E20D109CC00640AE9 /* seekBar */ = {
			isa = PBXGroup;
			children = (
				6B0BE99F20D10A1E00640AE9 /* SeekBarVC.h */,
				6B0BE9A020D10A1E00640AE9 /* SeekBarVC.m */,
				6B0BE9A220D10BCF00640AE9 /* SeekBarView.h */,
				6B0BE9A320D10BCF00640AE9 /* SeekBarView.m */,
			);
			path = seekBar;
			sourceTree = "<group>";
		};
		6B121F9E2440A00F00BD804F /* ArcLoadView */ = {
			isa = PBXGroup;
			children = (
				6B121F9F2440A04700BD804F /* ArcVC.h */,
				6B121FA02440A04700BD804F /* ArcVC.m */,
				6B121FA22440A1F800BD804F /* ArcLoadView.h */,
				6B121FA32440A1F800BD804F /* ArcLoadView.m */,
			);
			name = ArcLoadView;
			sourceTree = "<group>";
		};
		6B302E352467B1A4003884CF /* queue */ = {
			isa = PBXGroup;
			children = (
				6B44328324657B7C0014E255 /* QueueArray.h */,
				6B44328424657B7C0014E255 /* QueueArray.m */,
				6B44328624664C150014E255 /* QueueLinkedList.h */,
				6B44328724664C150014E255 /* QueueLinkedList.m */,
			);
			name = queue;
			sourceTree = "<group>";
		};
		6B302E362467B1B5003884CF /* stack */ = {
			isa = PBXGroup;
			children = (
				6BE65B9A24695066005861C2 /* hexTrans */,
				6BE65B96246931BC005861C2 /* addLargeNum */,
				6BE65B922468F83F005861C2 /* delimiterMatch */,
				6B302E372467B1C9003884CF /* Stack.h */,
				6B302E382467B1C9003884CF /* Stack.m */,
				6B302E3A2467BCE7003884CF /* StackGame.h */,
				6B302E3B2467BCE7003884CF /* StackGame.m */,
				6B302E3D2467BD9A003884CF /* Cell.h */,
				6B302E3E2467BD9A003884CF /* Cell.m */,
			);
			path = stack;
			sourceTree = "<group>";
		};
		6B362578245572E50099604F /* ArcIndicator */ = {
			isa = PBXGroup;
			children = (
				6B36257F245573220099604F /* img */,
				6B36257C2455730D0099604F /* CircleIndicatorView.h */,
				6B36257A2455730D0099604F /* CircleIndicatorView.m */,
				6B3625792455730D0099604F /* RectangleIndicatorView.h */,
				6B36257B2455730D0099604F /* RectangleIndicatorView.m */,
				6B362580245574730099604F /* ArcIndicatorVC.h */,
				6B362581245574730099604F /* ArcIndicatorVC.m */,
			);
			path = ArcIndicator;
			sourceTree = "<group>";
		};
		6B36257F245573220099604F /* img */ = {
			isa = PBXGroup;
			children = (
			);
			name = img;
			sourceTree = "<group>";
		};
		6B440B7B24B065FA009FD3DD /* runtime */ = {
			isa = PBXGroup;
			children = (
				6BAAB41124BB497E00F7B67C /* kvckvo */,
				6BF56D1224B45FF10030AB7A /* switchMethod */,
				6B440B7C24B06626009FD3DD /* RuntimeVC.h */,
				6B440B7D24B06626009FD3DD /* RuntimeVC.m */,
				6B440B7F24B0679C009FD3DD /* NSArray+CrashHandle.h */,
				6B440B8024B0679C009FD3DD /* NSArray+CrashHandle.m */,
			);
			path = runtime;
			sourceTree = "<group>";
		};
		6B4432742462E4650014E255 /* runloop */ = {
			isa = PBXGroup;
			children = (
				6B4432752462E4830014E255 /* RunloopVC.h */,
				6B4432762462E4830014E255 /* RunloopVC.m */,
			);
			path = runloop;
			sourceTree = "<group>";
		};
		6B4432782463A71A0014E255 /* dataStruct */ = {
			isa = PBXGroup;
			children = (
				6BE65BA8246D2457005861C2 /* sort */,
				6BE65B9E246A4C2E005861C2 /* tree */,
				6B302E362467B1B5003884CF /* stack */,
				6B302E352467B1A4003884CF /* queue */,
				6B4432792463A7360014E255 /* DataStructVC.h */,
				6B44327A2463A7360014E255 /* DataStructVC.m */,
				6B44327C2463AA5A0014E255 /* LinkedList.h */,
				6B44327D2463AA5A0014E255 /* LinkedList.m */,
			);
			path = dataStruct;
			sourceTree = "<group>";
		};
		6B5F0A0C247BC0110070EAD2 /* threeDes */ = {
			isa = PBXGroup;
			children = (
				6B5F0A0D247BC0420070EAD2 /* GTMBase64.h */,
				6B5F0A0E247BC0420070EAD2 /* GTMBase64.m */,
				6B5F0A10247BC0850070EAD2 /* GTMDefines.h */,
				6B5F0A19247BC3110070EAD2 /* NSString+Des3.h */,
				6B5F0A1A247BC3110070EAD2 /* NSString+Des3.m */,
			);
			name = threeDes;
			sourceTree = "<group>";
		};
		6B6B6903247634CC0039D88E /* widgt */ = {
			isa = PBXGroup;
			children = (
				6B6B690924766A8F0039D88E /* ScrollLabel.h */,
				6B6B690A24766A8F0039D88E /* ScrollLabel.m */,
			);
			path = widgt;
			sourceTree = "<group>";
		};
		6B726B262458244100F0840A /* stickHead */ = {
			isa = PBXGroup;
			children = (
				6B726B2724582BAD00F0840A /* StickScrollVC.h */,
				6B726B2824582BAD00F0840A /* StickScrollVC.m */,
				6B726B2A24582C2E00F0840A /* CollectionViewLayout.h */,
				6B726B2B24582C2E00F0840A /* CollectionViewLayout.m */,
				6B726B2D24582D1E00F0840A /* ItemView.h */,
				6B726B2E24582D1E00F0840A /* ItemView.m */,
				6B726B312458337300F0840A /* UIScrollView+LXBScrollView.h */,
				6B726B322458337300F0840A /* UIScrollView+LXBScrollView.m */,
				6B726B34245835A000F0840A /* ScrollNavBar.h */,
				6B726B35245835A000F0840A /* ScrollNavBar.m */,
				6B726B3724583A5D00F0840A /* UIView+LXB.h */,
				6B726B3824583A5D00F0840A /* UIView+LXB.m */,
			);
			path = stickHead;
			sourceTree = "<group>";
		};
		6BA0E5002477734D00E13B97 /* keyboard */ = {
			isa = PBXGroup;
			children = (
				6BA0E5012477737100E13B97 /* KeyboardVC.h */,
				6BA0E5022477737100E13B97 /* KeyboardVC.m */,
				6BA0E504247773AF00E13B97 /* KeyboardView.h */,
				6BA0E505247773AF00E13B97 /* KeyboardView.m */,
				6B5F09FF247B6AE70070EAD2 /* AbcKeyBoardView.h */,
				6B5F0A00247B6AE70070EAD2 /* AbcKeyBoardView.m */,
				6B5F0A02247B7A9C0070EAD2 /* KeyboardBaseView.h */,
				6B5F0A03247B7A9C0070EAD2 /* KeyboardBaseView.m */,
				6B5F0A08247BB5D90070EAD2 /* KeyboardMgr.h */,
				6B5F0A09247BB5D90070EAD2 /* KeyboardMgr.m */,
			);
			name = keyboard;
			sourceTree = "<group>";
		};
		6BAAB41124BB497E00F7B67C /* kvckvo */ = {
			isa = PBXGroup;
			children = (
				6BAAB40E24BB478200F7B67C /* KVCKVOVC.h */,
				6BAAB40F24BB478200F7B67C /* KVCKVOVC.m */,
				6BAAB41224BB499C00F7B67C /* Man.h */,
				6BAAB41324BB499C00F7B67C /* Man.m */,
			);
			path = kvckvo;
			sourceTree = "<group>";
		};
		6BCF9A5F244F194B0036E8B4 /* UIPresentationController */ = {
			isa = PBXGroup;
			children = (
				6BCF9A60244F194B0036E8B4 /* protocal */,
				6BCF9A64244F194B0036E8B4 /* HWPanModalContainerView.m */,
				6BCF9A65244F194B0036E8B4 /* HWPanIndicatorView.h */,
				6BCF9A66244F194B0036E8B4 /* HWPanModalPresentationDelegate.m */,
				6BCF9A67244F194B0036E8B4 /* HWDimmedView.m */,
				6BCF9A68244F194B0036E8B4 /* category */,
				6BCF9A71244F194B0036E8B4 /* HWPanContainerView.h */,
				6BCF9A72244F194B0036E8B4 /* HWVisualEffectView.m */,
				6BCF9A73244F194B0036E8B4 /* HWPanModalPresentableHandler.m */,
				6BCF9A74244F194B0036E8B4 /* HWBaseViewController.m */,
				6BCF9A75244F194B0036E8B4 /* KeyValueObserver.h */,
				6BCF9A76244F194B0036E8B4 /* HWShoppingCartPresentingAnimation.m */,
				6BCF9A77244F194B0036E8B4 /* animator */,
				6BCF9A81244F194B0036E8B4 /* HWPanModalContentView.h */,
				6BCF9A82244F194B0036E8B4 /* HWPanModalPresentationController.h */,
				6BCF9A83244F194B0036E8B4 /* UIViewController+PanModalPresenter.m */,
				6BCF9A84244F194B0036E8B4 /* HWPanModalContainerView.h */,
				6BCF9A85244F194B0036E8B4 /* HWPanContainerView.m */,
				6BCF9A86244F194B0036E8B4 /* HWDimmedView.h */,
				6BCF9A87244F194B0036E8B4 /* HWPanModalHeight.h */,
				6BCF9A88244F194B0036E8B4 /* HWPanModalPresentationDelegate.h */,
				6BCF9A89244F194B0036E8B4 /* HWPanIndicatorView.m */,
				6BCF9A8A244F194B0036E8B4 /* HWBaseViewController.h */,
				6BCF9A8B244F194B0036E8B4 /* HWPanModalPresentableHandler.h */,
				6BCF9A8C244F194B0036E8B4 /* HWPanModalPresenterProtocol.h */,
				6BCF9A8D244F194B0036E8B4 /* HWVisualEffectView.h */,
				6BCF9A8E244F194B0036E8B4 /* HWPanModalContentView.m */,
				6BCF9A8F244F194B0036E8B4 /* HWPanModalPresentationController.m */,
				6BCF9A90244F194B0036E8B4 /* UIViewController+PanModalPresenter.h */,
				6BCF9A91244F194B0036E8B4 /* HWShoppingCartPresentingAnimation.h */,
				6BCF9A92244F194B0036E8B4 /* KeyValueObserver.m */,
			);
			path = UIPresentationController;
			sourceTree = "<group>";
		};
		6BCF9A60244F194B0036E8B4 /* protocal */ = {
			isa = PBXGroup;
			children = (
				6BCF9A61244F194B0036E8B4 /* HWPanModalPresentationUpdateProtocol.h */,
				6BCF9A62244F194B0036E8B4 /* HWPanModalPresentable.h */,
				6BCF9A63244F194B0036E8B4 /* HWPanModalIndicatorProtocol.h */,
			);
			path = protocal;
			sourceTree = "<group>";
		};
		6BCF9A68244F194B0036E8B4 /* category */ = {
			isa = PBXGroup;
			children = (
				6BCF9A69244F194B0036E8B4 /* UIViewController+LayoutHelper.m */,
				6BCF9A6A244F194B0036E8B4 /* UIScrollView+Helper.m */,
				6BCF9A6B244F194B0036E8B4 /* UIViewController+PanModalDefault.m */,
				6BCF9A6C244F194B0036E8B4 /* UIView+HW_Frame.h */,
				6BCF9A6D244F194B0036E8B4 /* UIViewController+LayoutHelper.h */,
				6BCF9A6E244F194B0036E8B4 /* UIView+HW_Frame.m */,
				6BCF9A6F244F194B0036E8B4 /* UIViewController+PanModalDefault.h */,
				6BCF9A70244F194B0036E8B4 /* UIScrollView+Helper.h */,
			);
			path = category;
			sourceTree = "<group>";
		};
		6BCF9A77244F194B0036E8B4 /* animator */ = {
			isa = PBXGroup;
			children = (
				6BCF9A78244F194B0036E8B4 /* HWPanModalInteractiveAnimator.m */,
				6BCF9A79244F194B0036E8B4 /* HWPageSheetPresentingAnimation.m */,
				6BCF9A7A244F194B0036E8B4 /* HWPresentingVCAnimatedTransitioning.h */,
				6BCF9A7B244F194B0036E8B4 /* HWPanModalAnimator.m */,
				6BCF9A7C244F194B0036E8B4 /* HWPanModalPresentationAnimator.h */,
				6BCF9A7D244F194B0036E8B4 /* HWPanModalInteractiveAnimator.h */,
				6BCF9A7E244F194B0036E8B4 /* HWPageSheetPresentingAnimation.h */,
				6BCF9A7F244F194B0036E8B4 /* HWPanModalPresentationAnimator.m */,
				6BCF9A80244F194B0036E8B4 /* HWPanModalAnimator.h */,
			);
			path = animator;
			sourceTree = "<group>";
		};
		6BE65B922468F83F005861C2 /* delimiterMatch */ = {
			isa = PBXGroup;
			children = (
				6BE65B932468F87B005861C2 /* DelimiterMatch.h */,
				6BE65B942468F87B005861C2 /* DelimiterMatch.m */,
			);
			name = delimiterMatch;
			sourceTree = "<group>";
		};
		6BE65B96246931BC005861C2 /* addLargeNum */ = {
			isa = PBXGroup;
			children = (
				6BE65B9724693209005861C2 /* AddLargeNumber.h */,
				6BE65B9824693209005861C2 /* AddLargeNumber.m */,
			);
			path = addLargeNum;
			sourceTree = "<group>";
		};
		6BE65B9A24695066005861C2 /* hexTrans */ = {
			isa = PBXGroup;
			children = (
				6BE65B9B2469508D005861C2 /* HexTranseMgr.h */,
				6BE65B9C2469508D005861C2 /* HexTranseMgr.m */,
			);
			name = hexTrans;
			sourceTree = "<group>";
		};
		6BE65B9E246A4C2E005861C2 /* tree */ = {
			isa = PBXGroup;
			children = (
				6BE65B9F246A4C4A005861C2 /* TreeVC.h */,
				6BE65BA0246A4C4A005861C2 /* TreeVC.m */,
				6BE65BA2246A4D00005861C2 /* TreeNode.h */,
				6BE65BA3246A4D00005861C2 /* TreeNode.m */,
				6BE65BA5246A5118005861C2 /* BinaryTree.h */,
				6BE65BA6246A5118005861C2 /* BinaryTree.m */,
			);
			name = tree;
			sourceTree = "<group>";
		};
		6BE65BA8246D2457005861C2 /* sort */ = {
			isa = PBXGroup;
			children = (
				6BE65BA9246D2488005861C2 /* SortVC.h */,
				6BE65BAA246D2488005861C2 /* SortVC.m */,
				6B73FDE62473F7F900145FA8 /* SubStack.h */,
				6B73FDE72473F7F900145FA8 /* SubStack.m */,
			);
			path = sort;
			sourceTree = "<group>";
		};
		6BF56D1224B45FF10030AB7A /* switchMethod */ = {
			isa = PBXGroup;
			children = (
				6BF56D1324B460160030AB7A /* Father.h */,
				6BF56D1424B460160030AB7A /* Father.m */,
				6BF56D1624B460490030AB7A /* Son.h */,
				6BF56D1724B460490030AB7A /* Son.m */,
				6BF56D1924B460A70030AB7A /* Son+Swizzle.h */,
				6BF56D1A24B460A70030AB7A /* Son+Swizzle.m */,
			);
			path = switchMethod;
			sourceTree = "<group>";
		};
		6BFDFDF42486257400AFAE93 /* copy */ = {
			isa = PBXGroup;
			children = (
				6BFDFDF52486259700AFAE93 /* CopyVC.h */,
				6BFDFDF62486259700AFAE93 /* CopyVC.m */,
			);
			path = copy;
			sourceTree = "<group>";
		};
		6BFE85002487B9BA00C557E6 /* guide */ = {
			isa = PBXGroup;
			children = (
				6BFE85012487BA0F00C557E6 /* GuideVC.h */,
				6BFE85022487BA0F00C557E6 /* GuideVC.m */,
			);
			path = guide;
			sourceTree = "<group>";
		};
/* End PBXGroup section */

/* Begin PBXNativeTarget section */
		382EA6FF1F7367470052BE27 /* BZCustomView */ = {
			isa = PBXNativeTarget;
			buildConfigurationList = 382EA72D1F7367470052BE27 /* Build configuration list for PBXNativeTarget "BZCustomView" */;
			buildPhases = (
				382EA6FC1F7367470052BE27 /* Sources */,
				382EA6FD1F7367470052BE27 /* Frameworks */,
				382EA6FE1F7367470052BE27 /* Resources */,
			);
			buildRules = (
			);
			dependencies = (
			);
			name = BZCustomView;
			productName = BZCustomView;
			productReference = 382EA7001F7367470052BE27 /* BZCustomView.app */;
			productType = "com.apple.product-type.application";
		};
		382EA7181F7367470052BE27 /* BZCustomViewTests */ = {
			isa = PBXNativeTarget;
			buildConfigurationList = 382EA7301F7367470052BE27 /* Build configuration list for PBXNativeTarget "BZCustomViewTests" */;
			buildPhases = (
				382EA7151F7367470052BE27 /* Sources */,
				382EA7161F7367470052BE27 /* Frameworks */,
				382EA7171F7367470052BE27 /* Resources */,
			);
			buildRules = (
			);
			dependencies = (
				382EA71B1F7367470052BE27 /* PBXTargetDependency */,
			);
			name = BZCustomViewTests;
			productName = BZCustomViewTests;
			productReference = 382EA7191F7367470052BE27 /* BZCustomViewTests.xctest */;
			productType = "com.apple.product-type.bundle.unit-test";
		};
		382EA7231F7367470052BE27 /* BZCustomViewUITests */ = {
			isa = PBXNativeTarget;
			buildConfigurationList = 382EA7331F7367470052BE27 /* Build configuration list for PBXNativeTarget "BZCustomViewUITests" */;
			buildPhases = (
				382EA7201F7367470052BE27 /* Sources */,
				382EA7211F7367470052BE27 /* Frameworks */,
				382EA7221F7367470052BE27 /* Resources */,
			);
			buildRules = (
			);
			dependencies = (
				382EA7261F7367470052BE27 /* PBXTargetDependency */,
			);
			name = BZCustomViewUITests;
			productName = BZCustomViewUITests;
			productReference = 382EA7241F7367470052BE27 /* BZCustomViewUITests.xctest */;
			productType = "com.apple.product-type.bundle.ui-testing";
		};
/* End PBXNativeTarget section */

/* Begin PBXProject section */
		382EA6F81F7367470052BE27 /* Project object */ = {
			isa = PBXProject;
			attributes = {
				LastUpgradeCheck = 0830;
				ORGANIZATIONNAME = "刘小兵";
				TargetAttributes = {
					382EA6FF1F7367470052BE27 = {
						CreatedOnToolsVersion = 8.3.3;
						ProvisioningStyle = Automatic;
					};
					382EA7181F7367470052BE27 = {
						CreatedOnToolsVersion = 8.3.3;
						ProvisioningStyle = Automatic;
						TestTargetID = 382EA6FF1F7367470052BE27;
					};
					382EA7231F7367470052BE27 = {
						CreatedOnToolsVersion = 8.3.3;
						ProvisioningStyle = Automatic;
						TestTargetID = 382EA6FF1F7367470052BE27;
					};
				};
			};
			buildConfigurationList = 382EA6FB1F7367470052BE27 /* Build configuration list for PBXProject "BZCustomView" */;
			compatibilityVersion = "Xcode 3.2";
			developmentRegion = English;
			hasScannedForEncodings = 0;
			knownRegions = (
				English,
				en,
				Base,
			);
			mainGroup = 382EA6F71F7367470052BE27;
			productRefGroup = 382EA7011F7367470052BE27 /* Products */;
			projectDirPath = "";
			projectRoot = "";
			targets = (
				382EA6FF1F7367470052BE27 /* BZCustomView */,
				382EA7181F7367470052BE27 /* BZCustomViewTests */,
				382EA7231F7367470052BE27 /* BZCustomViewUITests */,
			);
		};
/* End PBXProject section */

/* Begin PBXResourcesBuildPhase section */
		382EA6FE1F7367470052BE27 /* Resources */ = {
			isa = PBXResourcesBuildPhase;
			buildActionMask = 2147483647;
			files = (
				382EA7131F7367470052BE27 /* LaunchScreen.storyboard in Resources */,
				6B3E5BD520C7DB15002CB0D9 /* Default-568h@2x.png in Resources */,
				382EA7101F7367470052BE27 /* Assets.xcassets in Resources */,
				382EA70E1F7367470052BE27 /* Main.storyboard in Resources */,
			);
			runOnlyForDeploymentPostprocessing = 0;
		};
		382EA7171F7367470052BE27 /* Resources */ = {
			isa = PBXResourcesBuildPhase;
			buildActionMask = 2147483647;
			files = (
			);
			runOnlyForDeploymentPostprocessing = 0;
		};
		382EA7221F7367470052BE27 /* Resources */ = {
			isa = PBXResourcesBuildPhase;
			buildActionMask = 2147483647;
			files = (
			);
			runOnlyForDeploymentPostprocessing = 0;
		};
/* End PBXResourcesBuildPhase section */

/* Begin PBXSourcesBuildPhase section */
		382EA6FC1F7367470052BE27 /* Sources */ = {
			isa = PBXSourcesBuildPhase;
			buildActionMask = 2147483647;
			files = (
				6B0BE9A420D10BCF00640AE9 /* SeekBarView.m in Sources */,
				6B44328524657B7C0014E255 /* QueueArray.m in Sources */,
				6B44328824664C150014E255 /* QueueLinkedList.m in Sources */,
				6B121FA42440A1F800BD804F /* ArcLoadView.m in Sources */,
				6B726B36245835A000F0840A /* ScrollNavBar.m in Sources */,
				6BAAB41424BB499C00F7B67C /* Man.m in Sources */,
				6B07D51D20C8C13800BBB85B /* HWVC.m in Sources */,
				6B6B690B24766A8F0039D88E /* ScrollLabel.m in Sources */,
				6B302E3C2467BCE7003884CF /* StackGame.m in Sources */,
				6B5F0A01247B6AE70070EAD2 /* AbcKeyBoardView.m in Sources */,
				6BF56D1B24B460A70030AB7A /* Son+Swizzle.m in Sources */,
				6BCF9AA5244F194B0036E8B4 /* HWPanModalContentView.m in Sources */,
				6BA0E506247773AF00E13B97 /* KeyboardView.m in Sources */,
				6B302E3F2467BD9A003884CF /* Cell.m in Sources */,
				6BE65B952468F87B005861C2 /* DelimiterMatch.m in Sources */,
				6BCF9A9B244F194B0036E8B4 /* HWPanModalPresentableHandler.m in Sources */,
				38250EE71F74DC3C008B86A2 /* ShapeLayer_BezierParh.m in Sources */,
				6BCF9A9C244F194B0036E8B4 /* HWBaseViewController.m in Sources */,
				6BF56D1824B460490030AB7A /* Son.m in Sources */,
				6B121FA12440A04700BD804F /* ArcVC.m in Sources */,
				6BCF9A98244F194B0036E8B4 /* UIViewController+PanModalDefault.m in Sources */,
				6BFDFDF72486259700AFAE93 /* CopyVC.m in Sources */,
				6BCF9AA1244F194B0036E8B4 /* HWPanModalPresentationAnimator.m in Sources */,
				6B5F0A04247B7A9C0070EAD2 /* KeyboardBaseView.m in Sources */,
				6B726B2C24582C2E00F0840A /* CollectionViewLayout.m in Sources */,
				6B4432772462E4830014E255 /* RunloopVC.m in Sources */,
				6BCF9A94244F194B0036E8B4 /* HWPanModalPresentationDelegate.m in Sources */,
				6BE65BA7246A5118005861C2 /* BinaryTree.m in Sources */,
				382EA70B1F7367470052BE27 /* ViewController.m in Sources */,
				382EA7401F73AA390052BE27 /* LayerLoadingAnim.m in Sources */,
				6BFE85032487BA0F00C557E6 /* GuideVC.m in Sources */,
				6BCF9AA4244F194B0036E8B4 /* HWPanIndicatorView.m in Sources */,
				38149A6A1F749EF5004A8938 /* OppoVC.m in Sources */,
				6BCF9AA2244F194B0036E8B4 /* UIViewController+PanModalPresenter.m in Sources */,
				387F80931F8DA47200C0DB10 /* MoveLabelVC.m in Sources */,
				6B36257D2455730D0099604F /* CircleIndicatorView.m in Sources */,
				6B726B332458337300F0840A /* UIScrollView+LXBScrollView.m in Sources */,
				6BCF9A96244F194B0036E8B4 /* UIViewController+LayoutHelper.m in Sources */,
				6BCF9AA6244F194B0036E8B4 /* HWPanModalPresentationController.m in Sources */,
				6BCF9AA0244F194B0036E8B4 /* HWPanModalAnimator.m in Sources */,
				6B73FDE82473F7F900145FA8 /* SubStack.m in Sources */,
				6BCF9A97244F194B0036E8B4 /* UIScrollView+Helper.m in Sources */,
				6BE65BA1246A4C4A005861C2 /* TreeVC.m in Sources */,
				6B0365B924C82F6A001CBCEE /* NSNotificatioVC.m in Sources */,
				6B07D52020C8C15B00BBB85B /* HWCircleProgressView.m in Sources */,
				6B44327B2463A7360014E255 /* DataStructVC.m in Sources */,
				6BE65B9924693209005861C2 /* AddLargeNumber.m in Sources */,
				6BE65BAB246D2488005861C2 /* SortVC.m in Sources */,
				6BCF9A9E244F194B0036E8B4 /* HWPanModalInteractiveAnimator.m in Sources */,
				6B5F0A0F247BC0420070EAD2 /* GTMBase64.m in Sources */,
				6BCF9A95244F194B0036E8B4 /* HWDimmedView.m in Sources */,
				6B44327E2463AA5A0014E255 /* LinkedList.m in Sources */,
				6BCF9A9A244F194B0036E8B4 /* HWVisualEffectView.m in Sources */,
				382EA7391F7369C50052BE27 /* TestDrawRect.m in Sources */,
				6B5F0A0A247BB5D90070EAD2 /* KeyboardMgr.m in Sources */,
				389963451F8CC9E80044C2D4 /* PointMoveByCircleLayer.m in Sources */,
				6BCF9A99244F194B0036E8B4 /* UIView+HW_Frame.m in Sources */,
				382EA7081F7367470052BE27 /* AppDelegate.m in Sources */,
				6BCF9A93244F194B0036E8B4 /* HWPanModalContainerView.m in Sources */,
				6BCF9AA3244F194B0036E8B4 /* HWPanContainerView.m in Sources */,
				6B6B6908247666010039D88E /* UIView+Resize.m in Sources */,
				38149A671F749D3C004A8938 /* CircleLayer.m in Sources */,
				382EA73C1F7394430052BE27 /* LayerDraw.m in Sources */,
				6B726B2F24582D1E00F0840A /* ItemView.m in Sources */,
				6BAAB41024BB478200F7B67C /* KVCKVOVC.m in Sources */,
				6BF56D1524B460160030AB7A /* Father.m in Sources */,
				6B36257E2455730D0099604F /* RectangleIndicatorView.m in Sources */,
				6B726B3924583A5D00F0840A /* UIView+LXB.m in Sources */,
				6B440B8124B0679C009FD3DD /* NSArray+CrashHandle.m in Sources */,
				382EA7051F7367470052BE27 /* main.m in Sources */,
				6B726B2924582BAD00F0840A /* StickScrollVC.m in Sources */,
				6B440B7E24B06626009FD3DD /* RuntimeVC.m in Sources */,
				6BA0E5032477737100E13B97 /* KeyboardVC.m in Sources */,
				6B037DD520D2072000D03148 /* DrawUtils.m in Sources */,
				6BCF9AA7244F194B0036E8B4 /* KeyValueObserver.m in Sources */,
				6BE65B9D2469508D005861C2 /* HexTranseMgr.m in Sources */,
				6BE65BA4246A4D00005861C2 /* TreeNode.m in Sources */,
				6B362582245574730099604F /* ArcIndicatorVC.m in Sources */,
				6B5F0A1B247BC3110070EAD2 /* NSString+Des3.m in Sources */,
				389963411F8CC8810044C2D4 /* PointMoveByCircleVC.m in Sources */,
				6BCF9A9D244F194B0036E8B4 /* HWShoppingCartPresentingAnimation.m in Sources */,
				6BCF9A9F244F194B0036E8B4 /* HWPageSheetPresentingAnimation.m in Sources */,
				6B302E392467B1C9003884CF /* Stack.m in Sources */,
				6B0BE9A120D10A1E00640AE9 /* SeekBarVC.m in Sources */,
			);
			runOnlyForDeploymentPostprocessing = 0;
		};
		382EA7151F7367470052BE27 /* Sources */ = {
			isa = PBXSourcesBuildPhase;
			buildActionMask = 2147483647;
			files = (
				382EA71E1F7367470052BE27 /* BZCustomViewTests.m in Sources */,
			);
			runOnlyForDeploymentPostprocessing = 0;
		};
		382EA7201F7367470052BE27 /* Sources */ = {
			isa = PBXSourcesBuildPhase;
			buildActionMask = 2147483647;
			files = (
				382EA7291F7367470052BE27 /* BZCustomViewUITests.m in Sources */,
			);
			runOnlyForDeploymentPostprocessing = 0;
		};
/* End PBXSourcesBuildPhase section */

/* Begin PBXTargetDependency section */
		382EA71B1F7367470052BE27 /* PBXTargetDependency */ = {
			isa = PBXTargetDependency;
			target = 382EA6FF1F7367470052BE27 /* BZCustomView */;
			targetProxy = 382EA71A1F7367470052BE27 /* PBXContainerItemProxy */;
		};
		382EA7261F7367470052BE27 /* PBXTargetDependency */ = {
			isa = PBXTargetDependency;
			target = 382EA6FF1F7367470052BE27 /* BZCustomView */;
			targetProxy = 382EA7251F7367470052BE27 /* PBXContainerItemProxy */;
		};
/* End PBXTargetDependency section */

/* Begin PBXVariantGroup section */
		382EA70C1F7367470052BE27 /* Main.storyboard */ = {
			isa = PBXVariantGroup;
			children = (
				382EA70D1F7367470052BE27 /* Base */,
			);
			name = Main.storyboard;
			sourceTree = "<group>";
		};
		382EA7111F7367470052BE27 /* LaunchScreen.storyboard */ = {
			isa = PBXVariantGroup;
			children = (
				382EA7121F7367470052BE27 /* Base */,
			);
			name = LaunchScreen.storyboard;
			sourceTree = "<group>";
		};
/* End PBXVariantGroup section */

/* Begin XCBuildConfiguration section */
		382EA72B1F7367470052BE27 /* Debug */ = {
			isa = XCBuildConfiguration;
			buildSettings = {
				ALWAYS_SEARCH_USER_PATHS = NO;
				CLANG_ANALYZER_NONNULL = YES;
				CLANG_ANALYZER_NUMBER_OBJECT_CONVERSION = YES_AGGRESSIVE;
				CLANG_CXX_LANGUAGE_STANDARD = "gnu++0x";
				CLANG_CXX_LIBRARY = "libc++";
				CLANG_ENABLE_MODULES = YES;
				CLANG_ENABLE_OBJC_ARC = YES;
				CLANG_WARN_BOOL_CONVERSION = YES;
				CLANG_WARN_CONSTANT_CONVERSION = YES;
				CLANG_WARN_DIRECT_OBJC_ISA_USAGE = YES_ERROR;
				CLANG_WARN_DOCUMENTATION_COMMENTS = YES;
				CLANG_WARN_EMPTY_BODY = YES;
				CLANG_WARN_ENUM_CONVERSION = YES;
				CLANG_WARN_INFINITE_RECURSION = YES;
				CLANG_WARN_INT_CONVERSION = YES;
				CLANG_WARN_OBJC_ROOT_CLASS = YES_ERROR;
				CLANG_WARN_SUSPICIOUS_MOVE = YES;
				CLANG_WARN_UNREACHABLE_CODE = YES;
				CLANG_WARN__DUPLICATE_METHOD_MATCH = YES;
				"CODE_SIGN_IDENTITY[sdk=iphoneos*]" = "iPhone Developer";
				COPY_PHASE_STRIP = NO;
				DEBUG_INFORMATION_FORMAT = dwarf;
				ENABLE_STRICT_OBJC_MSGSEND = YES;
				ENABLE_TESTABILITY = YES;
				GCC_C_LANGUAGE_STANDARD = gnu99;
				GCC_DYNAMIC_NO_PIC = NO;
				GCC_NO_COMMON_BLOCKS = YES;
				GCC_OPTIMIZATION_LEVEL = 0;
				GCC_PREPROCESSOR_DEFINITIONS = (
					"DEBUG=1",
					"$(inherited)",
				);
				GCC_WARN_64_TO_32_BIT_CONVERSION = YES;
				GCC_WARN_ABOUT_RETURN_TYPE = YES_ERROR;
				GCC_WARN_UNDECLARED_SELECTOR = YES;
				GCC_WARN_UNINITIALIZED_AUTOS = YES_AGGRESSIVE;
				GCC_WARN_UNUSED_FUNCTION = YES;
				GCC_WARN_UNUSED_VARIABLE = YES;
				IPHONEOS_DEPLOYMENT_TARGET = 10.3;
				MTL_ENABLE_DEBUG_INFO = YES;
				ONLY_ACTIVE_ARCH = YES;
				SDKROOT = iphoneos;
				TARGETED_DEVICE_FAMILY = "1,2";
			};
			name = Debug;
		};
		382EA72C1F7367470052BE27 /* Release */ = {
			isa = XCBuildConfiguration;
			buildSettings = {
				ALWAYS_SEARCH_USER_PATHS = NO;
				CLANG_ANALYZER_NONNULL = YES;
				CLANG_ANALYZER_NUMBER_OBJECT_CONVERSION = YES_AGGRESSIVE;
				CLANG_CXX_LANGUAGE_STANDARD = "gnu++0x";
				CLANG_CXX_LIBRARY = "libc++";
				CLANG_ENABLE_MODULES = YES;
				CLANG_ENABLE_OBJC_ARC = YES;
				CLANG_WARN_BOOL_CONVERSION = YES;
				CLANG_WARN_CONSTANT_CONVERSION = YES;
				CLANG_WARN_DIRECT_OBJC_ISA_USAGE = YES_ERROR;
				CLANG_WARN_DOCUMENTATION_COMMENTS = YES;
				CLANG_WARN_EMPTY_BODY = YES;
				CLANG_WARN_ENUM_CONVERSION = YES;
				CLANG_WARN_INFINITE_RECURSION = YES;
				CLANG_WARN_INT_CONVERSION = YES;
				CLANG_WARN_OBJC_ROOT_CLASS = YES_ERROR;
				CLANG_WARN_SUSPICIOUS_MOVE = YES;
				CLANG_WARN_UNREACHABLE_CODE = YES;
				CLANG_WARN__DUPLICATE_METHOD_MATCH = YES;
				"CODE_SIGN_IDENTITY[sdk=iphoneos*]" = "iPhone Developer";
				COPY_PHASE_STRIP = NO;
				DEBUG_INFORMATION_FORMAT = "dwarf-with-dsym";
				ENABLE_NS_ASSERTIONS = NO;
				ENABLE_STRICT_OBJC_MSGSEND = YES;
				GCC_C_LANGUAGE_STANDARD = gnu99;
				GCC_NO_COMMON_BLOCKS = YES;
				GCC_WARN_64_TO_32_BIT_CONVERSION = YES;
				GCC_WARN_ABOUT_RETURN_TYPE = YES_ERROR;
				GCC_WARN_UNDECLARED_SELECTOR = YES;
				GCC_WARN_UNINITIALIZED_AUTOS = YES_AGGRESSIVE;
				GCC_WARN_UNUSED_FUNCTION = YES;
				GCC_WARN_UNUSED_VARIABLE = YES;
				IPHONEOS_DEPLOYMENT_TARGET = 10.3;
				MTL_ENABLE_DEBUG_INFO = NO;
				SDKROOT = iphoneos;
				TARGETED_DEVICE_FAMILY = "1,2";
				VALIDATE_PRODUCT = YES;
			};
			name = Release;
		};
		382EA72E1F7367470052BE27 /* Debug */ = {
			isa = XCBuildConfiguration;
			buildSettings = {
				ASSETCATALOG_COMPILER_APPICON_NAME = AppIcon;
				INFOPLIST_FILE = BZCustomView/Info.plist;
				LD_RUNPATH_SEARCH_PATHS = "$(inherited) @executable_path/Frameworks";
				PRODUCT_BUNDLE_IDENTIFIER = baize.BZCustomView;
				PRODUCT_NAME = "$(TARGET_NAME)";
			};
			name = Debug;
		};
		382EA72F1F7367470052BE27 /* Release */ = {
			isa = XCBuildConfiguration;
			buildSettings = {
				ASSETCATALOG_COMPILER_APPICON_NAME = AppIcon;
				INFOPLIST_FILE = BZCustomView/Info.plist;
				LD_RUNPATH_SEARCH_PATHS = "$(inherited) @executable_path/Frameworks";
				PRODUCT_BUNDLE_IDENTIFIER = baize.BZCustomView;
				PRODUCT_NAME = "$(TARGET_NAME)";
			};
			name = Release;
		};
		382EA7311F7367470052BE27 /* Debug */ = {
			isa = XCBuildConfiguration;
			buildSettings = {
				BUNDLE_LOADER = "$(TEST_HOST)";
				INFOPLIST_FILE = BZCustomViewTests/Info.plist;
				LD_RUNPATH_SEARCH_PATHS = "$(inherited) @executable_path/Frameworks @loader_path/Frameworks";
				PRODUCT_BUNDLE_IDENTIFIER = baize.BZCustomViewTests;
				PRODUCT_NAME = "$(TARGET_NAME)";
				TEST_HOST = "$(BUILT_PRODUCTS_DIR)/BZCustomView.app/BZCustomView";
			};
			name = Debug;
		};
		382EA7321F7367470052BE27 /* Release */ = {
			isa = XCBuildConfiguration;
			buildSettings = {
				BUNDLE_LOADER = "$(TEST_HOST)";
				INFOPLIST_FILE = BZCustomViewTests/Info.plist;
				LD_RUNPATH_SEARCH_PATHS = "$(inherited) @executable_path/Frameworks @loader_path/Frameworks";
				PRODUCT_BUNDLE_IDENTIFIER = baize.BZCustomViewTests;
				PRODUCT_NAME = "$(TARGET_NAME)";
				TEST_HOST = "$(BUILT_PRODUCTS_DIR)/BZCustomView.app/BZCustomView";
			};
			name = Release;
		};
		382EA7341F7367470052BE27 /* Debug */ = {
			isa = XCBuildConfiguration;
			buildSettings = {
				INFOPLIST_FILE = BZCustomViewUITests/Info.plist;
				LD_RUNPATH_SEARCH_PATHS = "$(inherited) @executable_path/Frameworks @loader_path/Frameworks";
				PRODUCT_BUNDLE_IDENTIFIER = baize.BZCustomViewUITests;
				PRODUCT_NAME = "$(TARGET_NAME)";
				TEST_TARGET_NAME = BZCustomView;
			};
			name = Debug;
		};
		382EA7351F7367470052BE27 /* Release */ = {
			isa = XCBuildConfiguration;
			buildSettings = {
				INFOPLIST_FILE = BZCustomViewUITests/Info.plist;
				LD_RUNPATH_SEARCH_PATHS = "$(inherited) @executable_path/Frameworks @loader_path/Frameworks";
				PRODUCT_BUNDLE_IDENTIFIER = baize.BZCustomViewUITests;
				PRODUCT_NAME = "$(TARGET_NAME)";
				TEST_TARGET_NAME = BZCustomView;
			};
			name = Release;
		};
/* End XCBuildConfiguration section */

/* Begin XCConfigurationList section */
		382EA6FB1F7367470052BE27 /* Build configuration list for PBXProject "BZCustomView" */ = {
			isa = XCConfigurationList;
			buildConfigurations = (
				382EA72B1F7367470052BE27 /* Debug */,
				382EA72C1F7367470052BE27 /* Release */,
			);
			defaultConfigurationIsVisible = 0;
			defaultConfigurationName = Release;
		};
		382EA72D1F7367470052BE27 /* Build configuration list for PBXNativeTarget "BZCustomView" */ = {
			isa = XCConfigurationList;
			buildConfigurations = (
				382EA72E1F7367470052BE27 /* Debug */,
				382EA72F1F7367470052BE27 /* Release */,
			);
			defaultConfigurationIsVisible = 0;
			defaultConfigurationName = Release;
		};
		382EA7301F7367470052BE27 /* Build configuration list for PBXNativeTarget "BZCustomViewTests" */ = {
			isa = XCConfigurationList;
			buildConfigurations = (
				382EA7311F7367470052BE27 /* Debug */,
				382EA7321F7367470052BE27 /* Release */,
			);
			defaultConfigurationIsVisible = 0;
			defaultConfigurationName = Release;
		};
		382EA7331F7367470052BE27 /* Build configuration list for PBXNativeTarget "BZCustomViewUITests" */ = {
			isa = XCConfigurationList;
			buildConfigurations = (
				382EA7341F7367470052BE27 /* Debug */,
				382EA7351F7367470052BE27 /* Release */,
			);
			defaultConfigurationIsVisible = 0;
			defaultConfigurationName = Release;
		};
/* End XCConfigurationList section */
	};
	rootObject = 382EA6F81F7367470052BE27 /* Project object */;
}
